
Microsoft Visual Studio Solution File, Format Version 12.00
# Visual Studio 15
VisualStudioVersion = 15.0.27130.2026
MinimumVisualStudioVersion = 10.0.40219.1
Project("{FAE04EC0-301F-11D3-BF4B-00C04F79EFBC}") = "S01_L04_HelloWorld.Android", "S01_L04_HelloWorld\S01_L04_HelloWorld.Android\S01_L04_HelloWorld.Android.csproj", "{7A0D71E3-BB25-456A-A121-5EC5AF5E6ED7}"
EndProject
Project("{FAE04EC0-301F-11D3-BF4B-00C04F79EFBC}") = "S01_L04_HelloWorld.iOS", "S01_L04_HelloWorld\S01_L04_HelloWorld.iOS\S01_L04_HelloWorld.iOS.csproj", "{19529FFD-7CEB-4794-BB52-D73397BA0B1F}"
EndProject
Project("{FAE04EC0-301F-11D3-BF4B-00C04F79EFBC}") = "S01_L04_HelloWorld.UWP", "S01_L04_HelloWorld\S01_L04_HelloWorld.UWP\S01_L04_HelloWorld.UWP.csproj", "{D275E932-B17F-46E3-B8FD-6C0DB9B4CDC7}"
EndProject
Project("{9A19103F-16F7-4668-BE54-9A1E7A4F7556}") = "S01_L04_HelloWorld", "S01_L04_HelloWorld\S01_L04_HelloWorld\S01_L04_HelloWorld.csproj", "{202A796F-CD79-4A92-BA6C-06A7DCE3D0C5}"
EndProject
Project("{FAE04EC0-301F-11D3-BF4B-00C04F79EFBC}") = "S02_L12_SliderApp.Android", "S02_L12_SliderApp\S02_L12_SliderApp.Android\S02_L12_SliderApp.Android.csproj", "{E885DB5B-31E3-4C60-A6A3-622EED127E81}"
EndProject
Project("{FAE04EC0-301F-11D3-BF4B-00C04F79EFBC}") = "S02_L12_SliderApp.iOS", "S02_L12_SliderApp\S02_L12_SliderApp.iOS\S02_L12_SliderApp.iOS.csproj", "{BFE15AAD-E06E-40AD-978D-0CBEFD31E2F2}"
EndProject
Project("{FAE04EC0-301F-11D3-BF4B-00C04F79EFBC}") = "S02_L12_SliderApp.UWP", "S02_L12_SliderApp\S02_L12_SliderApp.UWP\S02_L12_SliderApp.UWP.csproj", "{4D6DBE65-F454-4C37-A84B-D8B54FE6CA42}"
EndProject
Project("{9A19103F-16F7-4668-BE54-9A1E7A4F7556}") = "S02_L12_SliderApp", "S02_L12_SliderApp\S02_L12_SliderApp\S02_L12_SliderApp.csproj", "{D0BE8EAD-9C97-4923-A3A7-DB86F013A77B}"
EndProject
Project("{FAE04EC0-301F-11D3-BF4B-00C04F79EFBC}") = "S02_L14_DataBinding.Android", "S02_L14_DataBinding\S02_L14_DataBinding.Android\S02_L14_DataBinding.Android.csproj", "{BAB72A74-4A61-49D4-9E2A-EB909EE4EBAE}"
EndProject
Project("{FAE04EC0-301F-11D3-BF4B-00C04F79EFBC}") = "S02_L14_DataBinding.iOS", "S02_L14_DataBinding\S02_L14_DataBinding.iOS\S02_L14_DataBinding.iOS.csproj", "{68CB3EFF-96A3-47E0-9CFF-19B7A610B496}"
EndProject
Project("{FAE04EC0-301F-11D3-BF4B-00C04F79EFBC}") = "S02_L14_DataBinding.UWP", "S02_L14_DataBinding\S02_L14_DataBinding.UWP\S02_L14_DataBinding.UWP.csproj", "{2F2B5721-07EF-4E60-9CED-65703B74A91E}"
EndProject
Project("{9A19103F-16F7-4668-BE54-9A1E7A4F7556}") = "S02_L14_DataBinding", "S02_L14_DataBinding\S02_L14_DataBinding\S02_L14_DataBinding.csproj", "{1D63F606-4209-440E-8874-2977E95BD3B1}"
EndProject
Project("{FAE04EC0-301F-11D3-BF4B-00C04F79EFBC}") = "S02_L15_BindingContext.Android", "S02_L15_DataContext\S02_L15_DataContext.Android\S02_L15_BindingContext.Android.csproj", "{6D6F96F3-2C19-44DB-90AE-CF0E8C6327C0}"
EndProject
Project("{FAE04EC0-301F-11D3-BF4B-00C04F79EFBC}") = "S02_L15_BindingContext.iOS", "S02_L15_DataContext\S02_L15_DataContext.iOS\S02_L15_BindingContext.iOS.csproj", "{73320FAA-DB8C-4D49-8C23-F5425FEBD6CD}"
EndProject
Project("{FAE04EC0-301F-11D3-BF4B-00C04F79EFBC}") = "S02_L15_BindingContext.UWP", "S02_L15_DataContext\S02_L15_DataContext.UWP\S02_L15_BindingContext.UWP.csproj", "{C75910FB-0486-441E-A587-8E4877B0354F}"
EndProject
Project("{9A19103F-16F7-4668-BE54-9A1E7A4F7556}") = "S02_L15_BindingContext", "S02_L15_DataContext\S02_L15_DataContext\S02_L15_BindingContext.csproj", "{1E518A41-F28E-417E-B712-9DF136CACBB7}"
EndProject
Global
	GlobalSection(SolutionConfigurationPlatforms) = preSolution
		Ad-Hoc|Any CPU = Ad-Hoc|Any CPU
		Ad-Hoc|ARM = Ad-Hoc|ARM
		Ad-Hoc|iPhone = Ad-Hoc|iPhone
		Ad-Hoc|iPhoneSimulator = Ad-Hoc|iPhoneSimulator
		Ad-Hoc|x64 = Ad-Hoc|x64
		Ad-Hoc|x86 = Ad-Hoc|x86
		AppStore|Any CPU = AppStore|Any CPU
		AppStore|ARM = AppStore|ARM
		AppStore|iPhone = AppStore|iPhone
		AppStore|iPhoneSimulator = AppStore|iPhoneSimulator
		AppStore|x64 = AppStore|x64
		AppStore|x86 = AppStore|x86
		Debug|Any CPU = Debug|Any CPU
		Debug|ARM = Debug|ARM
		Debug|iPhone = Debug|iPhone
		Debug|iPhoneSimulator = Debug|iPhoneSimulator
		Debug|x64 = Debug|x64
		Debug|x86 = Debug|x86
		Release|Any CPU = Release|Any CPU
		Release|ARM = Release|ARM
		Release|iPhone = Release|iPhone
		Release|iPhoneSimulator = Release|iPhoneSimulator
		Release|x64 = Release|x64
		Release|x86 = Release|x86
	EndGlobalSection
	GlobalSection(ProjectConfigurationPlatforms) = postSolution
		{7A0D71E3-BB25-456A-A121-5EC5AF5E6ED7}.Ad-Hoc|Any CPU.ActiveCfg = Release|Any CPU
		{7A0D71E3-BB25-456A-A121-5EC5AF5E6ED7}.Ad-Hoc|Any CPU.Build.0 = Release|Any CPU
		{7A0D71E3-BB25-456A-A121-5EC5AF5E6ED7}.Ad-Hoc|Any CPU.Deploy.0 = Release|Any CPU
		{7A0D71E3-BB25-456A-A121-5EC5AF5E6ED7}.Ad-Hoc|ARM.ActiveCfg = Release|Any CPU
		{7A0D71E3-BB25-456A-A121-5EC5AF5E6ED7}.Ad-Hoc|ARM.Build.0 = Release|Any CPU
		{7A0D71E3-BB25-456A-A121-5EC5AF5E6ED7}.Ad-Hoc|ARM.Deploy.0 = Release|Any CPU
		{7A0D71E3-BB25-456A-A121-5EC5AF5E6ED7}.Ad-Hoc|iPhone.ActiveCfg = Release|Any CPU
		{7A0D71E3-BB25-456A-A121-5EC5AF5E6ED7}.Ad-Hoc|iPhone.Build.0 = Release|Any CPU
		{7A0D71E3-BB25-456A-A121-5EC5AF5E6ED7}.Ad-Hoc|iPhone.Deploy.0 = Release|Any CPU
		{7A0D71E3-BB25-456A-A121-5EC5AF5E6ED7}.Ad-Hoc|iPhoneSimulator.ActiveCfg = Release|Any CPU
		{7A0D71E3-BB25-456A-A121-5EC5AF5E6ED7}.Ad-Hoc|iPhoneSimulator.Build.0 = Release|Any CPU
		{7A0D71E3-BB25-456A-A121-5EC5AF5E6ED7}.Ad-Hoc|iPhoneSimulator.Deploy.0 = Release|Any CPU
		{7A0D71E3-BB25-456A-A121-5EC5AF5E6ED7}.Ad-Hoc|x64.ActiveCfg = Release|Any CPU
		{7A0D71E3-BB25-456A-A121-5EC5AF5E6ED7}.Ad-Hoc|x64.Build.0 = Release|Any CPU
		{7A0D71E3-BB25-456A-A121-5EC5AF5E6ED7}.Ad-Hoc|x64.Deploy.0 = Release|Any CPU
		{7A0D71E3-BB25-456A-A121-5EC5AF5E6ED7}.Ad-Hoc|x86.ActiveCfg = Release|Any CPU
		{7A0D71E3-BB25-456A-A121-5EC5AF5E6ED7}.Ad-Hoc|x86.Build.0 = Release|Any CPU
		{7A0D71E3-BB25-456A-A121-5EC5AF5E6ED7}.Ad-Hoc|x86.Deploy.0 = Release|Any CPU
		{7A0D71E3-BB25-456A-A121-5EC5AF5E6ED7}.AppStore|Any CPU.ActiveCfg = Release|Any CPU
		{7A0D71E3-BB25-456A-A121-5EC5AF5E6ED7}.AppStore|Any CPU.Build.0 = Release|Any CPU
		{7A0D71E3-BB25-456A-A121-5EC5AF5E6ED7}.AppStore|Any CPU.Deploy.0 = Release|Any CPU
		{7A0D71E3-BB25-456A-A121-5EC5AF5E6ED7}.AppStore|ARM.ActiveCfg = Release|Any CPU
		{7A0D71E3-BB25-456A-A121-5EC5AF5E6ED7}.AppStore|ARM.Build.0 = Release|Any CPU
		{7A0D71E3-BB25-456A-A121-5EC5AF5E6ED7}.AppStore|ARM.Deploy.0 = Release|Any CPU
		{7A0D71E3-BB25-456A-A121-5EC5AF5E6ED7}.AppStore|iPhone.ActiveCfg = Release|Any CPU
		{7A0D71E3-BB25-456A-A121-5EC5AF5E6ED7}.AppStore|iPhone.Build.0 = Release|Any CPU
		{7A0D71E3-BB25-456A-A121-5EC5AF5E6ED7}.AppStore|iPhone.Deploy.0 = Release|Any CPU
		{7A0D71E3-BB25-456A-A121-5EC5AF5E6ED7}.AppStore|iPhoneSimulator.ActiveCfg = Release|Any CPU
		{7A0D71E3-BB25-456A-A121-5EC5AF5E6ED7}.AppStore|iPhoneSimulator.Build.0 = Release|Any CPU
		{7A0D71E3-BB25-456A-A121-5EC5AF5E6ED7}.AppStore|iPhoneSimulator.Deploy.0 = Release|Any CPU
		{7A0D71E3-BB25-456A-A121-5EC5AF5E6ED7}.AppStore|x64.ActiveCfg = Release|Any CPU
		{7A0D71E3-BB25-456A-A121-5EC5AF5E6ED7}.AppStore|x64.Build.0 = Release|Any CPU
		{7A0D71E3-BB25-456A-A121-5EC5AF5E6ED7}.AppStore|x64.Deploy.0 = Release|Any CPU
		{7A0D71E3-BB25-456A-A121-5EC5AF5E6ED7}.AppStore|x86.ActiveCfg = Release|Any CPU
		{7A0D71E3-BB25-456A-A121-5EC5AF5E6ED7}.AppStore|x86.Build.0 = Release|Any CPU
		{7A0D71E3-BB25-456A-A121-5EC5AF5E6ED7}.AppStore|x86.Deploy.0 = Release|Any CPU
		{7A0D71E3-BB25-456A-A121-5EC5AF5E6ED7}.Debug|Any CPU.ActiveCfg = Debug|Any CPU
		{7A0D71E3-BB25-456A-A121-5EC5AF5E6ED7}.Debug|Any CPU.Build.0 = Debug|Any CPU
		{7A0D71E3-BB25-456A-A121-5EC5AF5E6ED7}.Debug|Any CPU.Deploy.0 = Debug|Any CPU
		{7A0D71E3-BB25-456A-A121-5EC5AF5E6ED7}.Debug|ARM.ActiveCfg = Debug|Any CPU
		{7A0D71E3-BB25-456A-A121-5EC5AF5E6ED7}.Debug|ARM.Build.0 = Debug|Any CPU
		{7A0D71E3-BB25-456A-A121-5EC5AF5E6ED7}.Debug|ARM.Deploy.0 = Debug|Any CPU
		{7A0D71E3-BB25-456A-A121-5EC5AF5E6ED7}.Debug|iPhone.ActiveCfg = Debug|Any CPU
		{7A0D71E3-BB25-456A-A121-5EC5AF5E6ED7}.Debug|iPhone.Build.0 = Debug|Any CPU
		{7A0D71E3-BB25-456A-A121-5EC5AF5E6ED7}.Debug|iPhone.Deploy.0 = Debug|Any CPU
		{7A0D71E3-BB25-456A-A121-5EC5AF5E6ED7}.Debug|iPhoneSimulator.ActiveCfg = Debug|Any CPU
		{7A0D71E3-BB25-456A-A121-5EC5AF5E6ED7}.Debug|iPhoneSimulator.Build.0 = Debug|Any CPU
		{7A0D71E3-BB25-456A-A121-5EC5AF5E6ED7}.Debug|iPhoneSimulator.Deploy.0 = Debug|Any CPU
		{7A0D71E3-BB25-456A-A121-5EC5AF5E6ED7}.Debug|x64.ActiveCfg = Debug|Any CPU
		{7A0D71E3-BB25-456A-A121-5EC5AF5E6ED7}.Debug|x64.Build.0 = Debug|Any CPU
		{7A0D71E3-BB25-456A-A121-5EC5AF5E6ED7}.Debug|x64.Deploy.0 = Debug|Any CPU
		{7A0D71E3-BB25-456A-A121-5EC5AF5E6ED7}.Debug|x86.ActiveCfg = Debug|Any CPU
		{7A0D71E3-BB25-456A-A121-5EC5AF5E6ED7}.Debug|x86.Build.0 = Debug|Any CPU
		{7A0D71E3-BB25-456A-A121-5EC5AF5E6ED7}.Debug|x86.Deploy.0 = Debug|Any CPU
		{7A0D71E3-BB25-456A-A121-5EC5AF5E6ED7}.Release|Any CPU.ActiveCfg = Release|Any CPU
		{7A0D71E3-BB25-456A-A121-5EC5AF5E6ED7}.Release|Any CPU.Build.0 = Release|Any CPU
		{7A0D71E3-BB25-456A-A121-5EC5AF5E6ED7}.Release|Any CPU.Deploy.0 = Release|Any CPU
		{7A0D71E3-BB25-456A-A121-5EC5AF5E6ED7}.Release|ARM.ActiveCfg = Release|Any CPU
		{7A0D71E3-BB25-456A-A121-5EC5AF5E6ED7}.Release|ARM.Build.0 = Release|Any CPU
		{7A0D71E3-BB25-456A-A121-5EC5AF5E6ED7}.Release|ARM.Deploy.0 = Release|Any CPU
		{7A0D71E3-BB25-456A-A121-5EC5AF5E6ED7}.Release|iPhone.ActiveCfg = Release|Any CPU
		{7A0D71E3-BB25-456A-A121-5EC5AF5E6ED7}.Release|iPhone.Build.0 = Release|Any CPU
		{7A0D71E3-BB25-456A-A121-5EC5AF5E6ED7}.Release|iPhone.Deploy.0 = Release|Any CPU
		{7A0D71E3-BB25-456A-A121-5EC5AF5E6ED7}.Release|iPhoneSimulator.ActiveCfg = Release|Any CPU
		{7A0D71E3-BB25-456A-A121-5EC5AF5E6ED7}.Release|iPhoneSimulator.Build.0 = Release|Any CPU
		{7A0D71E3-BB25-456A-A121-5EC5AF5E6ED7}.Release|iPhoneSimulator.Deploy.0 = Release|Any CPU
		{7A0D71E3-BB25-456A-A121-5EC5AF5E6ED7}.Release|x64.ActiveCfg = Release|Any CPU
		{7A0D71E3-BB25-456A-A121-5EC5AF5E6ED7}.Release|x64.Build.0 = Release|Any CPU
		{7A0D71E3-BB25-456A-A121-5EC5AF5E6ED7}.Release|x64.Deploy.0 = Release|Any CPU
		{7A0D71E3-BB25-456A-A121-5EC5AF5E6ED7}.Release|x86.ActiveCfg = Release|Any CPU
		{7A0D71E3-BB25-456A-A121-5EC5AF5E6ED7}.Release|x86.Build.0 = Release|Any CPU
		{7A0D71E3-BB25-456A-A121-5EC5AF5E6ED7}.Release|x86.Deploy.0 = Release|Any CPU
		{19529FFD-7CEB-4794-BB52-D73397BA0B1F}.Ad-Hoc|Any CPU.ActiveCfg = Ad-Hoc|iPhone
		{19529FFD-7CEB-4794-BB52-D73397BA0B1F}.Ad-Hoc|ARM.ActiveCfg = Ad-Hoc|iPhone
		{19529FFD-7CEB-4794-BB52-D73397BA0B1F}.Ad-Hoc|iPhone.ActiveCfg = Ad-Hoc|iPhone
		{19529FFD-7CEB-4794-BB52-D73397BA0B1F}.Ad-Hoc|iPhone.Build.0 = Ad-Hoc|iPhone
		{19529FFD-7CEB-4794-BB52-D73397BA0B1F}.Ad-Hoc|iPhoneSimulator.ActiveCfg = Ad-Hoc|iPhoneSimulator
		{19529FFD-7CEB-4794-BB52-D73397BA0B1F}.Ad-Hoc|iPhoneSimulator.Build.0 = Ad-Hoc|iPhoneSimulator
		{19529FFD-7CEB-4794-BB52-D73397BA0B1F}.Ad-Hoc|x64.ActiveCfg = Ad-Hoc|iPhone
		{19529FFD-7CEB-4794-BB52-D73397BA0B1F}.Ad-Hoc|x86.ActiveCfg = Ad-Hoc|iPhone
		{19529FFD-7CEB-4794-BB52-D73397BA0B1F}.AppStore|Any CPU.ActiveCfg = AppStore|iPhone
		{19529FFD-7CEB-4794-BB52-D73397BA0B1F}.AppStore|ARM.ActiveCfg = AppStore|iPhone
		{19529FFD-7CEB-4794-BB52-D73397BA0B1F}.AppStore|iPhone.ActiveCfg = AppStore|iPhone
		{19529FFD-7CEB-4794-BB52-D73397BA0B1F}.AppStore|iPhone.Build.0 = AppStore|iPhone
		{19529FFD-7CEB-4794-BB52-D73397BA0B1F}.AppStore|iPhoneSimulator.ActiveCfg = AppStore|iPhoneSimulator
		{19529FFD-7CEB-4794-BB52-D73397BA0B1F}.AppStore|iPhoneSimulator.Build.0 = AppStore|iPhoneSimulator
		{19529FFD-7CEB-4794-BB52-D73397BA0B1F}.AppStore|x64.ActiveCfg = AppStore|iPhone
		{19529FFD-7CEB-4794-BB52-D73397BA0B1F}.AppStore|x86.ActiveCfg = AppStore|iPhone
		{19529FFD-7CEB-4794-BB52-D73397BA0B1F}.Debug|Any CPU.ActiveCfg = Debug|iPhone
		{19529FFD-7CEB-4794-BB52-D73397BA0B1F}.Debug|ARM.ActiveCfg = Debug|iPhone
		{19529FFD-7CEB-4794-BB52-D73397BA0B1F}.Debug|iPhone.ActiveCfg = Debug|iPhone
		{19529FFD-7CEB-4794-BB52-D73397BA0B1F}.Debug|iPhone.Build.0 = Debug|iPhone
		{19529FFD-7CEB-4794-BB52-D73397BA0B1F}.Debug|iPhoneSimulator.ActiveCfg = Debug|iPhoneSimulator
		{19529FFD-7CEB-4794-BB52-D73397BA0B1F}.Debug|iPhoneSimulator.Build.0 = Debug|iPhoneSimulator
		{19529FFD-7CEB-4794-BB52-D73397BA0B1F}.Debug|x64.ActiveCfg = Debug|iPhone
		{19529FFD-7CEB-4794-BB52-D73397BA0B1F}.Debug|x86.ActiveCfg = Debug|iPhone
		{19529FFD-7CEB-4794-BB52-D73397BA0B1F}.Release|Any CPU.ActiveCfg = Release|iPhone
		{19529FFD-7CEB-4794-BB52-D73397BA0B1F}.Release|ARM.ActiveCfg = Release|iPhone
		{19529FFD-7CEB-4794-BB52-D73397BA0B1F}.Release|iPhone.ActiveCfg = Release|iPhone
		{19529FFD-7CEB-4794-BB52-D73397BA0B1F}.Release|iPhone.Build.0 = Release|iPhone
		{19529FFD-7CEB-4794-BB52-D73397BA0B1F}.Release|iPhoneSimulator.ActiveCfg = Release|iPhoneSimulator
		{19529FFD-7CEB-4794-BB52-D73397BA0B1F}.Release|iPhoneSimulator.Build.0 = Release|iPhoneSimulator
		{19529FFD-7CEB-4794-BB52-D73397BA0B1F}.Release|x64.ActiveCfg = Release|iPhone
		{19529FFD-7CEB-4794-BB52-D73397BA0B1F}.Release|x86.ActiveCfg = Release|iPhone
		{D275E932-B17F-46E3-B8FD-6C0DB9B4CDC7}.Ad-Hoc|Any CPU.ActiveCfg = Release|x86
		{D275E932-B17F-46E3-B8FD-6C0DB9B4CDC7}.Ad-Hoc|Any CPU.Build.0 = Release|x86
		{D275E932-B17F-46E3-B8FD-6C0DB9B4CDC7}.Ad-Hoc|Any CPU.Deploy.0 = Release|x86
		{D275E932-B17F-46E3-B8FD-6C0DB9B4CDC7}.Ad-Hoc|ARM.ActiveCfg = Release|ARM
		{D275E932-B17F-46E3-B8FD-6C0DB9B4CDC7}.Ad-Hoc|ARM.Build.0 = Release|ARM
		{D275E932-B17F-46E3-B8FD-6C0DB9B4CDC7}.Ad-Hoc|ARM.Deploy.0 = Release|ARM
		{D275E932-B17F-46E3-B8FD-6C0DB9B4CDC7}.Ad-Hoc|iPhone.ActiveCfg = Release|x86
		{D275E932-B17F-46E3-B8FD-6C0DB9B4CDC7}.Ad-Hoc|iPhone.Build.0 = Release|x86
		{D275E932-B17F-46E3-B8FD-6C0DB9B4CDC7}.Ad-Hoc|iPhone.Deploy.0 = Release|x86
		{D275E932-B17F-46E3-B8FD-6C0DB9B4CDC7}.Ad-Hoc|iPhoneSimulator.ActiveCfg = Release|x86
		{D275E932-B17F-46E3-B8FD-6C0DB9B4CDC7}.Ad-Hoc|iPhoneSimulator.Build.0 = Release|x86
		{D275E932-B17F-46E3-B8FD-6C0DB9B4CDC7}.Ad-Hoc|iPhoneSimulator.Deploy.0 = Release|x86
		{D275E932-B17F-46E3-B8FD-6C0DB9B4CDC7}.Ad-Hoc|x64.ActiveCfg = Release|x64
		{D275E932-B17F-46E3-B8FD-6C0DB9B4CDC7}.Ad-Hoc|x64.Build.0 = Release|x64
		{D275E932-B17F-46E3-B8FD-6C0DB9B4CDC7}.Ad-Hoc|x64.Deploy.0 = Release|x64
		{D275E932-B17F-46E3-B8FD-6C0DB9B4CDC7}.Ad-Hoc|x86.ActiveCfg = Release|x86
		{D275E932-B17F-46E3-B8FD-6C0DB9B4CDC7}.Ad-Hoc|x86.Build.0 = Release|x86
		{D275E932-B17F-46E3-B8FD-6C0DB9B4CDC7}.Ad-Hoc|x86.Deploy.0 = Release|x86
		{D275E932-B17F-46E3-B8FD-6C0DB9B4CDC7}.AppStore|Any CPU.ActiveCfg = Release|x86
		{D275E932-B17F-46E3-B8FD-6C0DB9B4CDC7}.AppStore|Any CPU.Build.0 = Release|x86
		{D275E932-B17F-46E3-B8FD-6C0DB9B4CDC7}.AppStore|Any CPU.Deploy.0 = Release|x86
		{D275E932-B17F-46E3-B8FD-6C0DB9B4CDC7}.AppStore|ARM.ActiveCfg = Release|ARM
		{D275E932-B17F-46E3-B8FD-6C0DB9B4CDC7}.AppStore|ARM.Build.0 = Release|ARM
		{D275E932-B17F-46E3-B8FD-6C0DB9B4CDC7}.AppStore|ARM.Deploy.0 = Release|ARM
		{D275E932-B17F-46E3-B8FD-6C0DB9B4CDC7}.AppStore|iPhone.ActiveCfg = Release|x86
		{D275E932-B17F-46E3-B8FD-6C0DB9B4CDC7}.AppStore|iPhone.Build.0 = Release|x86
		{D275E932-B17F-46E3-B8FD-6C0DB9B4CDC7}.AppStore|iPhone.Deploy.0 = Release|x86
		{D275E932-B17F-46E3-B8FD-6C0DB9B4CDC7}.AppStore|iPhoneSimulator.ActiveCfg = Release|x86
		{D275E932-B17F-46E3-B8FD-6C0DB9B4CDC7}.AppStore|iPhoneSimulator.Build.0 = Release|x86
		{D275E932-B17F-46E3-B8FD-6C0DB9B4CDC7}.AppStore|iPhoneSimulator.Deploy.0 = Release|x86
		{D275E932-B17F-46E3-B8FD-6C0DB9B4CDC7}.AppStore|x64.ActiveCfg = Release|x64
		{D275E932-B17F-46E3-B8FD-6C0DB9B4CDC7}.AppStore|x64.Build.0 = Release|x64
		{D275E932-B17F-46E3-B8FD-6C0DB9B4CDC7}.AppStore|x64.Deploy.0 = Release|x64
		{D275E932-B17F-46E3-B8FD-6C0DB9B4CDC7}.AppStore|x86.ActiveCfg = Release|x86
		{D275E932-B17F-46E3-B8FD-6C0DB9B4CDC7}.AppStore|x86.Build.0 = Release|x86
		{D275E932-B17F-46E3-B8FD-6C0DB9B4CDC7}.AppStore|x86.Deploy.0 = Release|x86
		{D275E932-B17F-46E3-B8FD-6C0DB9B4CDC7}.Debug|Any CPU.ActiveCfg = Debug|x86
		{D275E932-B17F-46E3-B8FD-6C0DB9B4CDC7}.Debug|ARM.ActiveCfg = Debug|ARM
		{D275E932-B17F-46E3-B8FD-6C0DB9B4CDC7}.Debug|ARM.Build.0 = Debug|ARM
		{D275E932-B17F-46E3-B8FD-6C0DB9B4CDC7}.Debug|ARM.Deploy.0 = Debug|ARM
		{D275E932-B17F-46E3-B8FD-6C0DB9B4CDC7}.Debug|iPhone.ActiveCfg = Debug|x86
		{D275E932-B17F-46E3-B8FD-6C0DB9B4CDC7}.Debug|iPhoneSimulator.ActiveCfg = Debug|x86
		{D275E932-B17F-46E3-B8FD-6C0DB9B4CDC7}.Debug|x64.ActiveCfg = Debug|x64
		{D275E932-B17F-46E3-B8FD-6C0DB9B4CDC7}.Debug|x64.Build.0 = Debug|x64
		{D275E932-B17F-46E3-B8FD-6C0DB9B4CDC7}.Debug|x64.Deploy.0 = Debug|x64
		{D275E932-B17F-46E3-B8FD-6C0DB9B4CDC7}.Debug|x86.ActiveCfg = Debug|x86
		{D275E932-B17F-46E3-B8FD-6C0DB9B4CDC7}.Debug|x86.Build.0 = Debug|x86
		{D275E932-B17F-46E3-B8FD-6C0DB9B4CDC7}.Debug|x86.Deploy.0 = Debug|x86
		{D275E932-B17F-46E3-B8FD-6C0DB9B4CDC7}.Release|Any CPU.ActiveCfg = Release|x86
		{D275E932-B17F-46E3-B8FD-6C0DB9B4CDC7}.Release|ARM.ActiveCfg = Release|ARM
		{D275E932-B17F-46E3-B8FD-6C0DB9B4CDC7}.Release|ARM.Build.0 = Release|ARM
		{D275E932-B17F-46E3-B8FD-6C0DB9B4CDC7}.Release|ARM.Deploy.0 = Release|ARM
		{D275E932-B17F-46E3-B8FD-6C0DB9B4CDC7}.Release|iPhone.ActiveCfg = Release|x86
		{D275E932-B17F-46E3-B8FD-6C0DB9B4CDC7}.Release|iPhoneSimulator.ActiveCfg = Release|x86
		{D275E932-B17F-46E3-B8FD-6C0DB9B4CDC7}.Release|x64.ActiveCfg = Release|x64
		{D275E932-B17F-46E3-B8FD-6C0DB9B4CDC7}.Release|x64.Build.0 = Release|x64
		{D275E932-B17F-46E3-B8FD-6C0DB9B4CDC7}.Release|x64.Deploy.0 = Release|x64
		{D275E932-B17F-46E3-B8FD-6C0DB9B4CDC7}.Release|x86.ActiveCfg = Release|x86
		{D275E932-B17F-46E3-B8FD-6C0DB9B4CDC7}.Release|x86.Build.0 = Release|x86
		{D275E932-B17F-46E3-B8FD-6C0DB9B4CDC7}.Release|x86.Deploy.0 = Release|x86
		{202A796F-CD79-4A92-BA6C-06A7DCE3D0C5}.Ad-Hoc|Any CPU.ActiveCfg = Debug|Any CPU
		{202A796F-CD79-4A92-BA6C-06A7DCE3D0C5}.Ad-Hoc|Any CPU.Build.0 = Debug|Any CPU
		{202A796F-CD79-4A92-BA6C-06A7DCE3D0C5}.Ad-Hoc|ARM.ActiveCfg = Debug|Any CPU
		{202A796F-CD79-4A92-BA6C-06A7DCE3D0C5}.Ad-Hoc|ARM.Build.0 = Debug|Any CPU
		{202A796F-CD79-4A92-BA6C-06A7DCE3D0C5}.Ad-Hoc|iPhone.ActiveCfg = Debug|Any CPU
		{202A796F-CD79-4A92-BA6C-06A7DCE3D0C5}.Ad-Hoc|iPhone.Build.0 = Debug|Any CPU
		{202A796F-CD79-4A92-BA6C-06A7DCE3D0C5}.Ad-Hoc|iPhoneSimulator.ActiveCfg = Debug|Any CPU
		{202A796F-CD79-4A92-BA6C-06A7DCE3D0C5}.Ad-Hoc|iPhoneSimulator.Build.0 = Debug|Any CPU
		{202A796F-CD79-4A92-BA6C-06A7DCE3D0C5}.Ad-Hoc|x64.ActiveCfg = Debug|Any CPU
		{202A796F-CD79-4A92-BA6C-06A7DCE3D0C5}.Ad-Hoc|x64.Build.0 = Debug|Any CPU
		{202A796F-CD79-4A92-BA6C-06A7DCE3D0C5}.Ad-Hoc|x86.ActiveCfg = Debug|Any CPU
		{202A796F-CD79-4A92-BA6C-06A7DCE3D0C5}.Ad-Hoc|x86.Build.0 = Debug|Any CPU
		{202A796F-CD79-4A92-BA6C-06A7DCE3D0C5}.AppStore|Any CPU.ActiveCfg = Debug|Any CPU
		{202A796F-CD79-4A92-BA6C-06A7DCE3D0C5}.AppStore|Any CPU.Build.0 = Debug|Any CPU
		{202A796F-CD79-4A92-BA6C-06A7DCE3D0C5}.AppStore|ARM.ActiveCfg = Debug|Any CPU
		{202A796F-CD79-4A92-BA6C-06A7DCE3D0C5}.AppStore|ARM.Build.0 = Debug|Any CPU
		{202A796F-CD79-4A92-BA6C-06A7DCE3D0C5}.AppStore|iPhone.ActiveCfg = Debug|Any CPU
		{202A796F-CD79-4A92-BA6C-06A7DCE3D0C5}.AppStore|iPhone.Build.0 = Debug|Any CPU
		{202A796F-CD79-4A92-BA6C-06A7DCE3D0C5}.AppStore|iPhoneSimulator.ActiveCfg = Debug|Any CPU
		{202A796F-CD79-4A92-BA6C-06A7DCE3D0C5}.AppStore|iPhoneSimulator.Build.0 = Debug|Any CPU
		{202A796F-CD79-4A92-BA6C-06A7DCE3D0C5}.AppStore|x64.ActiveCfg = Debug|Any CPU
		{202A796F-CD79-4A92-BA6C-06A7DCE3D0C5}.AppStore|x64.Build.0 = Debug|Any CPU
		{202A796F-CD79-4A92-BA6C-06A7DCE3D0C5}.AppStore|x86.ActiveCfg = Debug|Any CPU
		{202A796F-CD79-4A92-BA6C-06A7DCE3D0C5}.AppStore|x86.Build.0 = Debug|Any CPU
		{202A796F-CD79-4A92-BA6C-06A7DCE3D0C5}.Debug|Any CPU.ActiveCfg = Debug|Any CPU
		{202A796F-CD79-4A92-BA6C-06A7DCE3D0C5}.Debug|Any CPU.Build.0 = Debug|Any CPU
		{202A796F-CD79-4A92-BA6C-06A7DCE3D0C5}.Debug|ARM.ActiveCfg = Debug|Any CPU
		{202A796F-CD79-4A92-BA6C-06A7DCE3D0C5}.Debug|ARM.Build.0 = Debug|Any CPU
		{202A796F-CD79-4A92-BA6C-06A7DCE3D0C5}.Debug|iPhone.ActiveCfg = Debug|Any CPU
		{202A796F-CD79-4A92-BA6C-06A7DCE3D0C5}.Debug|iPhone.Build.0 = Debug|Any CPU
		{202A796F-CD79-4A92-BA6C-06A7DCE3D0C5}.Debug|iPhoneSimulator.ActiveCfg = Debug|Any CPU
		{202A796F-CD79-4A92-BA6C-06A7DCE3D0C5}.Debug|iPhoneSimulator.Build.0 = Debug|Any CPU
		{202A796F-CD79-4A92-BA6C-06A7DCE3D0C5}.Debug|x64.ActiveCfg = Debug|Any CPU
		{202A796F-CD79-4A92-BA6C-06A7DCE3D0C5}.Debug|x64.Build.0 = Debug|Any CPU
		{202A796F-CD79-4A92-BA6C-06A7DCE3D0C5}.Debug|x86.ActiveCfg = Debug|Any CPU
		{202A796F-CD79-4A92-BA6C-06A7DCE3D0C5}.Debug|x86.Build.0 = Debug|Any CPU
		{202A796F-CD79-4A92-BA6C-06A7DCE3D0C5}.Release|Any CPU.ActiveCfg = Release|Any CPU
		{202A796F-CD79-4A92-BA6C-06A7DCE3D0C5}.Release|Any CPU.Build.0 = Release|Any CPU
		{202A796F-CD79-4A92-BA6C-06A7DCE3D0C5}.Release|ARM.ActiveCfg = Release|Any CPU
		{202A796F-CD79-4A92-BA6C-06A7DCE3D0C5}.Release|ARM.Build.0 = Release|Any CPU
		{202A796F-CD79-4A92-BA6C-06A7DCE3D0C5}.Release|iPhone.ActiveCfg = Release|Any CPU
		{202A796F-CD79-4A92-BA6C-06A7DCE3D0C5}.Release|iPhone.Build.0 = Release|Any CPU
		{202A796F-CD79-4A92-BA6C-06A7DCE3D0C5}.Release|iPhoneSimulator.ActiveCfg = Release|Any CPU
		{202A796F-CD79-4A92-BA6C-06A7DCE3D0C5}.Release|iPhoneSimulator.Build.0 = Release|Any CPU
		{202A796F-CD79-4A92-BA6C-06A7DCE3D0C5}.Release|x64.ActiveCfg = Release|Any CPU
		{202A796F-CD79-4A92-BA6C-06A7DCE3D0C5}.Release|x64.Build.0 = Release|Any CPU
		{202A796F-CD79-4A92-BA6C-06A7DCE3D0C5}.Release|x86.ActiveCfg = Release|Any CPU
		{202A796F-CD79-4A92-BA6C-06A7DCE3D0C5}.Release|x86.Build.0 = Release|Any CPU
		{E885DB5B-31E3-4C60-A6A3-622EED127E81}.Ad-Hoc|Any CPU.ActiveCfg = Release|Any CPU
		{E885DB5B-31E3-4C60-A6A3-622EED127E81}.Ad-Hoc|Any CPU.Build.0 = Release|Any CPU
		{E885DB5B-31E3-4C60-A6A3-622EED127E81}.Ad-Hoc|Any CPU.Deploy.0 = Release|Any CPU
		{E885DB5B-31E3-4C60-A6A3-622EED127E81}.Ad-Hoc|ARM.ActiveCfg = Release|Any CPU
		{E885DB5B-31E3-4C60-A6A3-622EED127E81}.Ad-Hoc|ARM.Build.0 = Release|Any CPU
		{E885DB5B-31E3-4C60-A6A3-622EED127E81}.Ad-Hoc|ARM.Deploy.0 = Release|Any CPU
		{E885DB5B-31E3-4C60-A6A3-622EED127E81}.Ad-Hoc|iPhone.ActiveCfg = Release|Any CPU
		{E885DB5B-31E3-4C60-A6A3-622EED127E81}.Ad-Hoc|iPhone.Build.0 = Release|Any CPU
		{E885DB5B-31E3-4C60-A6A3-622EED127E81}.Ad-Hoc|iPhone.Deploy.0 = Release|Any CPU
		{E885DB5B-31E3-4C60-A6A3-622EED127E81}.Ad-Hoc|iPhoneSimulator.ActiveCfg = Release|Any CPU
		{E885DB5B-31E3-4C60-A6A3-622EED127E81}.Ad-Hoc|iPhoneSimulator.Build.0 = Release|Any CPU
		{E885DB5B-31E3-4C60-A6A3-622EED127E81}.Ad-Hoc|iPhoneSimulator.Deploy.0 = Release|Any CPU
		{E885DB5B-31E3-4C60-A6A3-622EED127E81}.Ad-Hoc|x64.ActiveCfg = Release|Any CPU
		{E885DB5B-31E3-4C60-A6A3-622EED127E81}.Ad-Hoc|x64.Build.0 = Release|Any CPU
		{E885DB5B-31E3-4C60-A6A3-622EED127E81}.Ad-Hoc|x64.Deploy.0 = Release|Any CPU
		{E885DB5B-31E3-4C60-A6A3-622EED127E81}.Ad-Hoc|x86.ActiveCfg = Release|Any CPU
		{E885DB5B-31E3-4C60-A6A3-622EED127E81}.Ad-Hoc|x86.Build.0 = Release|Any CPU
		{E885DB5B-31E3-4C60-A6A3-622EED127E81}.Ad-Hoc|x86.Deploy.0 = Release|Any CPU
		{E885DB5B-31E3-4C60-A6A3-622EED127E81}.AppStore|Any CPU.ActiveCfg = Release|Any CPU
		{E885DB5B-31E3-4C60-A6A3-622EED127E81}.AppStore|Any CPU.Build.0 = Release|Any CPU
		{E885DB5B-31E3-4C60-A6A3-622EED127E81}.AppStore|Any CPU.Deploy.0 = Release|Any CPU
		{E885DB5B-31E3-4C60-A6A3-622EED127E81}.AppStore|ARM.ActiveCfg = Release|Any CPU
		{E885DB5B-31E3-4C60-A6A3-622EED127E81}.AppStore|ARM.Build.0 = Release|Any CPU
		{E885DB5B-31E3-4C60-A6A3-622EED127E81}.AppStore|ARM.Deploy.0 = Release|Any CPU
		{E885DB5B-31E3-4C60-A6A3-622EED127E81}.AppStore|iPhone.ActiveCfg = Release|Any CPU
		{E885DB5B-31E3-4C60-A6A3-622EED127E81}.AppStore|iPhone.Build.0 = Release|Any CPU
		{E885DB5B-31E3-4C60-A6A3-622EED127E81}.AppStore|iPhone.Deploy.0 = Release|Any CPU
		{E885DB5B-31E3-4C60-A6A3-622EED127E81}.AppStore|iPhoneSimulator.ActiveCfg = Release|Any CPU
		{E885DB5B-31E3-4C60-A6A3-622EED127E81}.AppStore|iPhoneSimulator.Build.0 = Release|Any CPU
		{E885DB5B-31E3-4C60-A6A3-622EED127E81}.AppStore|iPhoneSimulator.Deploy.0 = Release|Any CPU
		{E885DB5B-31E3-4C60-A6A3-622EED127E81}.AppStore|x64.ActiveCfg = Release|Any CPU
		{E885DB5B-31E3-4C60-A6A3-622EED127E81}.AppStore|x64.Build.0 = Release|Any CPU
		{E885DB5B-31E3-4C60-A6A3-622EED127E81}.AppStore|x64.Deploy.0 = Release|Any CPU
		{E885DB5B-31E3-4C60-A6A3-622EED127E81}.AppStore|x86.ActiveCfg = Release|Any CPU
		{E885DB5B-31E3-4C60-A6A3-622EED127E81}.AppStore|x86.Build.0 = Release|Any CPU
		{E885DB5B-31E3-4C60-A6A3-622EED127E81}.AppStore|x86.Deploy.0 = Release|Any CPU
		{E885DB5B-31E3-4C60-A6A3-622EED127E81}.Debug|Any CPU.ActiveCfg = Debug|Any CPU
		{E885DB5B-31E3-4C60-A6A3-622EED127E81}.Debug|Any CPU.Build.0 = Debug|Any CPU
		{E885DB5B-31E3-4C60-A6A3-622EED127E81}.Debug|Any CPU.Deploy.0 = Debug|Any CPU
		{E885DB5B-31E3-4C60-A6A3-622EED127E81}.Debug|ARM.ActiveCfg = Debug|Any CPU
		{E885DB5B-31E3-4C60-A6A3-622EED127E81}.Debug|ARM.Build.0 = Debug|Any CPU
		{E885DB5B-31E3-4C60-A6A3-622EED127E81}.Debug|ARM.Deploy.0 = Debug|Any CPU
		{E885DB5B-31E3-4C60-A6A3-622EED127E81}.Debug|iPhone.ActiveCfg = Debug|Any CPU
		{E885DB5B-31E3-4C60-A6A3-622EED127E81}.Debug|iPhone.Build.0 = Debug|Any CPU
		{E885DB5B-31E3-4C60-A6A3-622EED127E81}.Debug|iPhone.Deploy.0 = Debug|Any CPU
		{E885DB5B-31E3-4C60-A6A3-622EED127E81}.Debug|iPhoneSimulator.ActiveCfg = Debug|Any CPU
		{E885DB5B-31E3-4C60-A6A3-622EED127E81}.Debug|iPhoneSimulator.Build.0 = Debug|Any CPU
		{E885DB5B-31E3-4C60-A6A3-622EED127E81}.Debug|iPhoneSimulator.Deploy.0 = Debug|Any CPU
		{E885DB5B-31E3-4C60-A6A3-622EED127E81}.Debug|x64.ActiveCfg = Debug|Any CPU
		{E885DB5B-31E3-4C60-A6A3-622EED127E81}.Debug|x64.Build.0 = Debug|Any CPU
		{E885DB5B-31E3-4C60-A6A3-622EED127E81}.Debug|x64.Deploy.0 = Debug|Any CPU
		{E885DB5B-31E3-4C60-A6A3-622EED127E81}.Debug|x86.ActiveCfg = Debug|Any CPU
		{E885DB5B-31E3-4C60-A6A3-622EED127E81}.Debug|x86.Build.0 = Debug|Any CPU
		{E885DB5B-31E3-4C60-A6A3-622EED127E81}.Debug|x86.Deploy.0 = Debug|Any CPU
		{E885DB5B-31E3-4C60-A6A3-622EED127E81}.Release|Any CPU.ActiveCfg = Release|Any CPU
		{E885DB5B-31E3-4C60-A6A3-622EED127E81}.Release|Any CPU.Build.0 = Release|Any CPU
		{E885DB5B-31E3-4C60-A6A3-622EED127E81}.Release|Any CPU.Deploy.0 = Release|Any CPU
		{E885DB5B-31E3-4C60-A6A3-622EED127E81}.Release|ARM.ActiveCfg = Release|Any CPU
		{E885DB5B-31E3-4C60-A6A3-622EED127E81}.Release|ARM.Build.0 = Release|Any CPU
		{E885DB5B-31E3-4C60-A6A3-622EED127E81}.Release|ARM.Deploy.0 = Release|Any CPU
		{E885DB5B-31E3-4C60-A6A3-622EED127E81}.Release|iPhone.ActiveCfg = Release|Any CPU
		{E885DB5B-31E3-4C60-A6A3-622EED127E81}.Release|iPhone.Build.0 = Release|Any CPU
		{E885DB5B-31E3-4C60-A6A3-622EED127E81}.Release|iPhone.Deploy.0 = Release|Any CPU
		{E885DB5B-31E3-4C60-A6A3-622EED127E81}.Release|iPhoneSimulator.ActiveCfg = Release|Any CPU
		{E885DB5B-31E3-4C60-A6A3-622EED127E81}.Release|iPhoneSimulator.Build.0 = Release|Any CPU
		{E885DB5B-31E3-4C60-A6A3-622EED127E81}.Release|iPhoneSimulator.Deploy.0 = Release|Any CPU
		{E885DB5B-31E3-4C60-A6A3-622EED127E81}.Release|x64.ActiveCfg = Release|Any CPU
		{E885DB5B-31E3-4C60-A6A3-622EED127E81}.Release|x64.Build.0 = Release|Any CPU
		{E885DB5B-31E3-4C60-A6A3-622EED127E81}.Release|x64.Deploy.0 = Release|Any CPU
		{E885DB5B-31E3-4C60-A6A3-622EED127E81}.Release|x86.ActiveCfg = Release|Any CPU
		{E885DB5B-31E3-4C60-A6A3-622EED127E81}.Release|x86.Build.0 = Release|Any CPU
		{E885DB5B-31E3-4C60-A6A3-622EED127E81}.Release|x86.Deploy.0 = Release|Any CPU
		{BFE15AAD-E06E-40AD-978D-0CBEFD31E2F2}.Ad-Hoc|Any CPU.ActiveCfg = Ad-Hoc|iPhone
		{BFE15AAD-E06E-40AD-978D-0CBEFD31E2F2}.Ad-Hoc|ARM.ActiveCfg = Ad-Hoc|iPhone
		{BFE15AAD-E06E-40AD-978D-0CBEFD31E2F2}.Ad-Hoc|iPhone.ActiveCfg = Ad-Hoc|iPhone
		{BFE15AAD-E06E-40AD-978D-0CBEFD31E2F2}.Ad-Hoc|iPhone.Build.0 = Ad-Hoc|iPhone
		{BFE15AAD-E06E-40AD-978D-0CBEFD31E2F2}.Ad-Hoc|iPhoneSimulator.ActiveCfg = Ad-Hoc|iPhoneSimulator
		{BFE15AAD-E06E-40AD-978D-0CBEFD31E2F2}.Ad-Hoc|iPhoneSimulator.Build.0 = Ad-Hoc|iPhoneSimulator
		{BFE15AAD-E06E-40AD-978D-0CBEFD31E2F2}.Ad-Hoc|x64.ActiveCfg = Ad-Hoc|iPhone
		{BFE15AAD-E06E-40AD-978D-0CBEFD31E2F2}.Ad-Hoc|x86.ActiveCfg = Ad-Hoc|iPhone
		{BFE15AAD-E06E-40AD-978D-0CBEFD31E2F2}.AppStore|Any CPU.ActiveCfg = AppStore|iPhone
		{BFE15AAD-E06E-40AD-978D-0CBEFD31E2F2}.AppStore|ARM.ActiveCfg = AppStore|iPhone
		{BFE15AAD-E06E-40AD-978D-0CBEFD31E2F2}.AppStore|iPhone.ActiveCfg = AppStore|iPhone
		{BFE15AAD-E06E-40AD-978D-0CBEFD31E2F2}.AppStore|iPhone.Build.0 = AppStore|iPhone
		{BFE15AAD-E06E-40AD-978D-0CBEFD31E2F2}.AppStore|iPhoneSimulator.ActiveCfg = AppStore|iPhoneSimulator
		{BFE15AAD-E06E-40AD-978D-0CBEFD31E2F2}.AppStore|iPhoneSimulator.Build.0 = AppStore|iPhoneSimulator
		{BFE15AAD-E06E-40AD-978D-0CBEFD31E2F2}.AppStore|x64.ActiveCfg = AppStore|iPhone
		{BFE15AAD-E06E-40AD-978D-0CBEFD31E2F2}.AppStore|x86.ActiveCfg = AppStore|iPhone
		{BFE15AAD-E06E-40AD-978D-0CBEFD31E2F2}.Debug|Any CPU.ActiveCfg = Debug|iPhone
		{BFE15AAD-E06E-40AD-978D-0CBEFD31E2F2}.Debug|ARM.ActiveCfg = Debug|iPhone
		{BFE15AAD-E06E-40AD-978D-0CBEFD31E2F2}.Debug|iPhone.ActiveCfg = Debug|iPhone
		{BFE15AAD-E06E-40AD-978D-0CBEFD31E2F2}.Debug|iPhone.Build.0 = Debug|iPhone
		{BFE15AAD-E06E-40AD-978D-0CBEFD31E2F2}.Debug|iPhoneSimulator.ActiveCfg = Debug|iPhoneSimulator
		{BFE15AAD-E06E-40AD-978D-0CBEFD31E2F2}.Debug|iPhoneSimulator.Build.0 = Debug|iPhoneSimulator
		{BFE15AAD-E06E-40AD-978D-0CBEFD31E2F2}.Debug|x64.ActiveCfg = Debug|iPhone
		{BFE15AAD-E06E-40AD-978D-0CBEFD31E2F2}.Debug|x86.ActiveCfg = Debug|iPhone
		{BFE15AAD-E06E-40AD-978D-0CBEFD31E2F2}.Release|Any CPU.ActiveCfg = Release|iPhone
		{BFE15AAD-E06E-40AD-978D-0CBEFD31E2F2}.Release|ARM.ActiveCfg = Release|iPhone
		{BFE15AAD-E06E-40AD-978D-0CBEFD31E2F2}.Release|iPhone.ActiveCfg = Release|iPhone
		{BFE15AAD-E06E-40AD-978D-0CBEFD31E2F2}.Release|iPhone.Build.0 = Release|iPhone
		{BFE15AAD-E06E-40AD-978D-0CBEFD31E2F2}.Release|iPhoneSimulator.ActiveCfg = Release|iPhoneSimulator
		{BFE15AAD-E06E-40AD-978D-0CBEFD31E2F2}.Release|iPhoneSimulator.Build.0 = Release|iPhoneSimulator
		{BFE15AAD-E06E-40AD-978D-0CBEFD31E2F2}.Release|x64.ActiveCfg = Release|iPhone
		{BFE15AAD-E06E-40AD-978D-0CBEFD31E2F2}.Release|x86.ActiveCfg = Release|iPhone
		{4D6DBE65-F454-4C37-A84B-D8B54FE6CA42}.Ad-Hoc|Any CPU.ActiveCfg = Release|x86
		{4D6DBE65-F454-4C37-A84B-D8B54FE6CA42}.Ad-Hoc|Any CPU.Build.0 = Release|x86
		{4D6DBE65-F454-4C37-A84B-D8B54FE6CA42}.Ad-Hoc|Any CPU.Deploy.0 = Release|x86
		{4D6DBE65-F454-4C37-A84B-D8B54FE6CA42}.Ad-Hoc|ARM.ActiveCfg = Release|ARM
		{4D6DBE65-F454-4C37-A84B-D8B54FE6CA42}.Ad-Hoc|ARM.Build.0 = Release|ARM
		{4D6DBE65-F454-4C37-A84B-D8B54FE6CA42}.Ad-Hoc|ARM.Deploy.0 = Release|ARM
		{4D6DBE65-F454-4C37-A84B-D8B54FE6CA42}.Ad-Hoc|iPhone.ActiveCfg = Release|x86
		{4D6DBE65-F454-4C37-A84B-D8B54FE6CA42}.Ad-Hoc|iPhone.Build.0 = Release|x86
		{4D6DBE65-F454-4C37-A84B-D8B54FE6CA42}.Ad-Hoc|iPhone.Deploy.0 = Release|x86
		{4D6DBE65-F454-4C37-A84B-D8B54FE6CA42}.Ad-Hoc|iPhoneSimulator.ActiveCfg = Release|x86
		{4D6DBE65-F454-4C37-A84B-D8B54FE6CA42}.Ad-Hoc|iPhoneSimulator.Build.0 = Release|x86
		{4D6DBE65-F454-4C37-A84B-D8B54FE6CA42}.Ad-Hoc|iPhoneSimulator.Deploy.0 = Release|x86
		{4D6DBE65-F454-4C37-A84B-D8B54FE6CA42}.Ad-Hoc|x64.ActiveCfg = Release|x64
		{4D6DBE65-F454-4C37-A84B-D8B54FE6CA42}.Ad-Hoc|x64.Build.0 = Release|x64
		{4D6DBE65-F454-4C37-A84B-D8B54FE6CA42}.Ad-Hoc|x64.Deploy.0 = Release|x64
		{4D6DBE65-F454-4C37-A84B-D8B54FE6CA42}.Ad-Hoc|x86.ActiveCfg = Release|x86
		{4D6DBE65-F454-4C37-A84B-D8B54FE6CA42}.Ad-Hoc|x86.Build.0 = Release|x86
		{4D6DBE65-F454-4C37-A84B-D8B54FE6CA42}.Ad-Hoc|x86.Deploy.0 = Release|x86
		{4D6DBE65-F454-4C37-A84B-D8B54FE6CA42}.AppStore|Any CPU.ActiveCfg = Release|x86
		{4D6DBE65-F454-4C37-A84B-D8B54FE6CA42}.AppStore|Any CPU.Build.0 = Release|x86
		{4D6DBE65-F454-4C37-A84B-D8B54FE6CA42}.AppStore|Any CPU.Deploy.0 = Release|x86
		{4D6DBE65-F454-4C37-A84B-D8B54FE6CA42}.AppStore|ARM.ActiveCfg = Release|ARM
		{4D6DBE65-F454-4C37-A84B-D8B54FE6CA42}.AppStore|ARM.Build.0 = Release|ARM
		{4D6DBE65-F454-4C37-A84B-D8B54FE6CA42}.AppStore|ARM.Deploy.0 = Release|ARM
		{4D6DBE65-F454-4C37-A84B-D8B54FE6CA42}.AppStore|iPhone.ActiveCfg = Release|x86
		{4D6DBE65-F454-4C37-A84B-D8B54FE6CA42}.AppStore|iPhone.Build.0 = Release|x86
		{4D6DBE65-F454-4C37-A84B-D8B54FE6CA42}.AppStore|iPhone.Deploy.0 = Release|x86
		{4D6DBE65-F454-4C37-A84B-D8B54FE6CA42}.AppStore|iPhoneSimulator.ActiveCfg = Release|x86
		{4D6DBE65-F454-4C37-A84B-D8B54FE6CA42}.AppStore|iPhoneSimulator.Build.0 = Release|x86
		{4D6DBE65-F454-4C37-A84B-D8B54FE6CA42}.AppStore|iPhoneSimulator.Deploy.0 = Release|x86
		{4D6DBE65-F454-4C37-A84B-D8B54FE6CA42}.AppStore|x64.ActiveCfg = Release|x64
		{4D6DBE65-F454-4C37-A84B-D8B54FE6CA42}.AppStore|x64.Build.0 = Release|x64
		{4D6DBE65-F454-4C37-A84B-D8B54FE6CA42}.AppStore|x64.Deploy.0 = Release|x64
		{4D6DBE65-F454-4C37-A84B-D8B54FE6CA42}.AppStore|x86.ActiveCfg = Release|x86
		{4D6DBE65-F454-4C37-A84B-D8B54FE6CA42}.AppStore|x86.Build.0 = Release|x86
		{4D6DBE65-F454-4C37-A84B-D8B54FE6CA42}.AppStore|x86.Deploy.0 = Release|x86
		{4D6DBE65-F454-4C37-A84B-D8B54FE6CA42}.Debug|Any CPU.ActiveCfg = Debug|x86
		{4D6DBE65-F454-4C37-A84B-D8B54FE6CA42}.Debug|ARM.ActiveCfg = Debug|ARM
		{4D6DBE65-F454-4C37-A84B-D8B54FE6CA42}.Debug|ARM.Build.0 = Debug|ARM
		{4D6DBE65-F454-4C37-A84B-D8B54FE6CA42}.Debug|ARM.Deploy.0 = Debug|ARM
		{4D6DBE65-F454-4C37-A84B-D8B54FE6CA42}.Debug|iPhone.ActiveCfg = Debug|x86
		{4D6DBE65-F454-4C37-A84B-D8B54FE6CA42}.Debug|iPhoneSimulator.ActiveCfg = Debug|x86
		{4D6DBE65-F454-4C37-A84B-D8B54FE6CA42}.Debug|x64.ActiveCfg = Debug|x64
		{4D6DBE65-F454-4C37-A84B-D8B54FE6CA42}.Debug|x64.Build.0 = Debug|x64
		{4D6DBE65-F454-4C37-A84B-D8B54FE6CA42}.Debug|x64.Deploy.0 = Debug|x64
		{4D6DBE65-F454-4C37-A84B-D8B54FE6CA42}.Debug|x86.ActiveCfg = Debug|x86
		{4D6DBE65-F454-4C37-A84B-D8B54FE6CA42}.Debug|x86.Build.0 = Debug|x86
		{4D6DBE65-F454-4C37-A84B-D8B54FE6CA42}.Debug|x86.Deploy.0 = Debug|x86
		{4D6DBE65-F454-4C37-A84B-D8B54FE6CA42}.Release|Any CPU.ActiveCfg = Release|x86
		{4D6DBE65-F454-4C37-A84B-D8B54FE6CA42}.Release|ARM.ActiveCfg = Release|ARM
		{4D6DBE65-F454-4C37-A84B-D8B54FE6CA42}.Release|ARM.Build.0 = Release|ARM
		{4D6DBE65-F454-4C37-A84B-D8B54FE6CA42}.Release|ARM.Deploy.0 = Release|ARM
		{4D6DBE65-F454-4C37-A84B-D8B54FE6CA42}.Release|iPhone.ActiveCfg = Release|x86
		{4D6DBE65-F454-4C37-A84B-D8B54FE6CA42}.Release|iPhoneSimulator.ActiveCfg = Release|x86
		{4D6DBE65-F454-4C37-A84B-D8B54FE6CA42}.Release|x64.ActiveCfg = Release|x64
		{4D6DBE65-F454-4C37-A84B-D8B54FE6CA42}.Release|x64.Build.0 = Release|x64
		{4D6DBE65-F454-4C37-A84B-D8B54FE6CA42}.Release|x64.Deploy.0 = Release|x64
		{4D6DBE65-F454-4C37-A84B-D8B54FE6CA42}.Release|x86.ActiveCfg = Release|x86
		{4D6DBE65-F454-4C37-A84B-D8B54FE6CA42}.Release|x86.Build.0 = Release|x86
		{4D6DBE65-F454-4C37-A84B-D8B54FE6CA42}.Release|x86.Deploy.0 = Release|x86
		{D0BE8EAD-9C97-4923-A3A7-DB86F013A77B}.Ad-Hoc|Any CPU.ActiveCfg = Debug|Any CPU
		{D0BE8EAD-9C97-4923-A3A7-DB86F013A77B}.Ad-Hoc|Any CPU.Build.0 = Debug|Any CPU
		{D0BE8EAD-9C97-4923-A3A7-DB86F013A77B}.Ad-Hoc|ARM.ActiveCfg = Debug|Any CPU
		{D0BE8EAD-9C97-4923-A3A7-DB86F013A77B}.Ad-Hoc|ARM.Build.0 = Debug|Any CPU
		{D0BE8EAD-9C97-4923-A3A7-DB86F013A77B}.Ad-Hoc|iPhone.ActiveCfg = Debug|Any CPU
		{D0BE8EAD-9C97-4923-A3A7-DB86F013A77B}.Ad-Hoc|iPhone.Build.0 = Debug|Any CPU
		{D0BE8EAD-9C97-4923-A3A7-DB86F013A77B}.Ad-Hoc|iPhoneSimulator.ActiveCfg = Debug|Any CPU
		{D0BE8EAD-9C97-4923-A3A7-DB86F013A77B}.Ad-Hoc|iPhoneSimulator.Build.0 = Debug|Any CPU
		{D0BE8EAD-9C97-4923-A3A7-DB86F013A77B}.Ad-Hoc|x64.ActiveCfg = Debug|Any CPU
		{D0BE8EAD-9C97-4923-A3A7-DB86F013A77B}.Ad-Hoc|x64.Build.0 = Debug|Any CPU
		{D0BE8EAD-9C97-4923-A3A7-DB86F013A77B}.Ad-Hoc|x86.ActiveCfg = Debug|Any CPU
		{D0BE8EAD-9C97-4923-A3A7-DB86F013A77B}.Ad-Hoc|x86.Build.0 = Debug|Any CPU
		{D0BE8EAD-9C97-4923-A3A7-DB86F013A77B}.AppStore|Any CPU.ActiveCfg = Debug|Any CPU
		{D0BE8EAD-9C97-4923-A3A7-DB86F013A77B}.AppStore|Any CPU.Build.0 = Debug|Any CPU
		{D0BE8EAD-9C97-4923-A3A7-DB86F013A77B}.AppStore|ARM.ActiveCfg = Debug|Any CPU
		{D0BE8EAD-9C97-4923-A3A7-DB86F013A77B}.AppStore|ARM.Build.0 = Debug|Any CPU
		{D0BE8EAD-9C97-4923-A3A7-DB86F013A77B}.AppStore|iPhone.ActiveCfg = Debug|Any CPU
		{D0BE8EAD-9C97-4923-A3A7-DB86F013A77B}.AppStore|iPhone.Build.0 = Debug|Any CPU
		{D0BE8EAD-9C97-4923-A3A7-DB86F013A77B}.AppStore|iPhoneSimulator.ActiveCfg = Debug|Any CPU
		{D0BE8EAD-9C97-4923-A3A7-DB86F013A77B}.AppStore|iPhoneSimulator.Build.0 = Debug|Any CPU
		{D0BE8EAD-9C97-4923-A3A7-DB86F013A77B}.AppStore|x64.ActiveCfg = Debug|Any CPU
		{D0BE8EAD-9C97-4923-A3A7-DB86F013A77B}.AppStore|x64.Build.0 = Debug|Any CPU
		{D0BE8EAD-9C97-4923-A3A7-DB86F013A77B}.AppStore|x86.ActiveCfg = Debug|Any CPU
		{D0BE8EAD-9C97-4923-A3A7-DB86F013A77B}.AppStore|x86.Build.0 = Debug|Any CPU
		{D0BE8EAD-9C97-4923-A3A7-DB86F013A77B}.Debug|Any CPU.ActiveCfg = Debug|Any CPU
		{D0BE8EAD-9C97-4923-A3A7-DB86F013A77B}.Debug|Any CPU.Build.0 = Debug|Any CPU
		{D0BE8EAD-9C97-4923-A3A7-DB86F013A77B}.Debug|ARM.ActiveCfg = Debug|Any CPU
		{D0BE8EAD-9C97-4923-A3A7-DB86F013A77B}.Debug|ARM.Build.0 = Debug|Any CPU
		{D0BE8EAD-9C97-4923-A3A7-DB86F013A77B}.Debug|iPhone.ActiveCfg = Debug|Any CPU
		{D0BE8EAD-9C97-4923-A3A7-DB86F013A77B}.Debug|iPhone.Build.0 = Debug|Any CPU
		{D0BE8EAD-9C97-4923-A3A7-DB86F013A77B}.Debug|iPhoneSimulator.ActiveCfg = Debug|Any CPU
		{D0BE8EAD-9C97-4923-A3A7-DB86F013A77B}.Debug|iPhoneSimulator.Build.0 = Debug|Any CPU
		{D0BE8EAD-9C97-4923-A3A7-DB86F013A77B}.Debug|x64.ActiveCfg = Debug|Any CPU
		{D0BE8EAD-9C97-4923-A3A7-DB86F013A77B}.Debug|x64.Build.0 = Debug|Any CPU
		{D0BE8EAD-9C97-4923-A3A7-DB86F013A77B}.Debug|x86.ActiveCfg = Debug|Any CPU
		{D0BE8EAD-9C97-4923-A3A7-DB86F013A77B}.Debug|x86.Build.0 = Debug|Any CPU
		{D0BE8EAD-9C97-4923-A3A7-DB86F013A77B}.Release|Any CPU.ActiveCfg = Release|Any CPU
		{D0BE8EAD-9C97-4923-A3A7-DB86F013A77B}.Release|Any CPU.Build.0 = Release|Any CPU
		{D0BE8EAD-9C97-4923-A3A7-DB86F013A77B}.Release|ARM.ActiveCfg = Release|Any CPU
		{D0BE8EAD-9C97-4923-A3A7-DB86F013A77B}.Release|ARM.Build.0 = Release|Any CPU
		{D0BE8EAD-9C97-4923-A3A7-DB86F013A77B}.Release|iPhone.ActiveCfg = Release|Any CPU
		{D0BE8EAD-9C97-4923-A3A7-DB86F013A77B}.Release|iPhone.Build.0 = Release|Any CPU
		{D0BE8EAD-9C97-4923-A3A7-DB86F013A77B}.Release|iPhoneSimulator.ActiveCfg = Release|Any CPU
		{D0BE8EAD-9C97-4923-A3A7-DB86F013A77B}.Release|iPhoneSimulator.Build.0 = Release|Any CPU
		{D0BE8EAD-9C97-4923-A3A7-DB86F013A77B}.Release|x64.ActiveCfg = Release|Any CPU
		{D0BE8EAD-9C97-4923-A3A7-DB86F013A77B}.Release|x64.Build.0 = Release|Any CPU
		{D0BE8EAD-9C97-4923-A3A7-DB86F013A77B}.Release|x86.ActiveCfg = Release|Any CPU
		{D0BE8EAD-9C97-4923-A3A7-DB86F013A77B}.Release|x86.Build.0 = Release|Any CPU
		{BAB72A74-4A61-49D4-9E2A-EB909EE4EBAE}.Ad-Hoc|Any CPU.ActiveCfg = Release|Any CPU
		{BAB72A74-4A61-49D4-9E2A-EB909EE4EBAE}.Ad-Hoc|Any CPU.Build.0 = Release|Any CPU
		{BAB72A74-4A61-49D4-9E2A-EB909EE4EBAE}.Ad-Hoc|Any CPU.Deploy.0 = Release|Any CPU
		{BAB72A74-4A61-49D4-9E2A-EB909EE4EBAE}.Ad-Hoc|ARM.ActiveCfg = Release|Any CPU
		{BAB72A74-4A61-49D4-9E2A-EB909EE4EBAE}.Ad-Hoc|ARM.Build.0 = Release|Any CPU
		{BAB72A74-4A61-49D4-9E2A-EB909EE4EBAE}.Ad-Hoc|ARM.Deploy.0 = Release|Any CPU
		{BAB72A74-4A61-49D4-9E2A-EB909EE4EBAE}.Ad-Hoc|iPhone.ActiveCfg = Release|Any CPU
		{BAB72A74-4A61-49D4-9E2A-EB909EE4EBAE}.Ad-Hoc|iPhone.Build.0 = Release|Any CPU
		{BAB72A74-4A61-49D4-9E2A-EB909EE4EBAE}.Ad-Hoc|iPhone.Deploy.0 = Release|Any CPU
		{BAB72A74-4A61-49D4-9E2A-EB909EE4EBAE}.Ad-Hoc|iPhoneSimulator.ActiveCfg = Release|Any CPU
		{BAB72A74-4A61-49D4-9E2A-EB909EE4EBAE}.Ad-Hoc|iPhoneSimulator.Build.0 = Release|Any CPU
		{BAB72A74-4A61-49D4-9E2A-EB909EE4EBAE}.Ad-Hoc|iPhoneSimulator.Deploy.0 = Release|Any CPU
		{BAB72A74-4A61-49D4-9E2A-EB909EE4EBAE}.Ad-Hoc|x64.ActiveCfg = Release|Any CPU
		{BAB72A74-4A61-49D4-9E2A-EB909EE4EBAE}.Ad-Hoc|x64.Build.0 = Release|Any CPU
		{BAB72A74-4A61-49D4-9E2A-EB909EE4EBAE}.Ad-Hoc|x64.Deploy.0 = Release|Any CPU
		{BAB72A74-4A61-49D4-9E2A-EB909EE4EBAE}.Ad-Hoc|x86.ActiveCfg = Release|Any CPU
		{BAB72A74-4A61-49D4-9E2A-EB909EE4EBAE}.Ad-Hoc|x86.Build.0 = Release|Any CPU
		{BAB72A74-4A61-49D4-9E2A-EB909EE4EBAE}.Ad-Hoc|x86.Deploy.0 = Release|Any CPU
		{BAB72A74-4A61-49D4-9E2A-EB909EE4EBAE}.AppStore|Any CPU.ActiveCfg = Release|Any CPU
		{BAB72A74-4A61-49D4-9E2A-EB909EE4EBAE}.AppStore|Any CPU.Build.0 = Release|Any CPU
		{BAB72A74-4A61-49D4-9E2A-EB909EE4EBAE}.AppStore|Any CPU.Deploy.0 = Release|Any CPU
		{BAB72A74-4A61-49D4-9E2A-EB909EE4EBAE}.AppStore|ARM.ActiveCfg = Release|Any CPU
		{BAB72A74-4A61-49D4-9E2A-EB909EE4EBAE}.AppStore|ARM.Build.0 = Release|Any CPU
		{BAB72A74-4A61-49D4-9E2A-EB909EE4EBAE}.AppStore|ARM.Deploy.0 = Release|Any CPU
		{BAB72A74-4A61-49D4-9E2A-EB909EE4EBAE}.AppStore|iPhone.ActiveCfg = Release|Any CPU
		{BAB72A74-4A61-49D4-9E2A-EB909EE4EBAE}.AppStore|iPhone.Build.0 = Release|Any CPU
		{BAB72A74-4A61-49D4-9E2A-EB909EE4EBAE}.AppStore|iPhone.Deploy.0 = Release|Any CPU
		{BAB72A74-4A61-49D4-9E2A-EB909EE4EBAE}.AppStore|iPhoneSimulator.ActiveCfg = Release|Any CPU
		{BAB72A74-4A61-49D4-9E2A-EB909EE4EBAE}.AppStore|iPhoneSimulator.Build.0 = Release|Any CPU
		{BAB72A74-4A61-49D4-9E2A-EB909EE4EBAE}.AppStore|iPhoneSimulator.Deploy.0 = Release|Any CPU
		{BAB72A74-4A61-49D4-9E2A-EB909EE4EBAE}.AppStore|x64.ActiveCfg = Release|Any CPU
		{BAB72A74-4A61-49D4-9E2A-EB909EE4EBAE}.AppStore|x64.Build.0 = Release|Any CPU
		{BAB72A74-4A61-49D4-9E2A-EB909EE4EBAE}.AppStore|x64.Deploy.0 = Release|Any CPU
		{BAB72A74-4A61-49D4-9E2A-EB909EE4EBAE}.AppStore|x86.ActiveCfg = Release|Any CPU
		{BAB72A74-4A61-49D4-9E2A-EB909EE4EBAE}.AppStore|x86.Build.0 = Release|Any CPU
		{BAB72A74-4A61-49D4-9E2A-EB909EE4EBAE}.AppStore|x86.Deploy.0 = Release|Any CPU
		{BAB72A74-4A61-49D4-9E2A-EB909EE4EBAE}.Debug|Any CPU.ActiveCfg = Debug|Any CPU
		{BAB72A74-4A61-49D4-9E2A-EB909EE4EBAE}.Debug|Any CPU.Build.0 = Debug|Any CPU
		{BAB72A74-4A61-49D4-9E2A-EB909EE4EBAE}.Debug|Any CPU.Deploy.0 = Debug|Any CPU
		{BAB72A74-4A61-49D4-9E2A-EB909EE4EBAE}.Debug|ARM.ActiveCfg = Debug|Any CPU
		{BAB72A74-4A61-49D4-9E2A-EB909EE4EBAE}.Debug|ARM.Build.0 = Debug|Any CPU
		{BAB72A74-4A61-49D4-9E2A-EB909EE4EBAE}.Debug|ARM.Deploy.0 = Debug|Any CPU
		{BAB72A74-4A61-49D4-9E2A-EB909EE4EBAE}.Debug|iPhone.ActiveCfg = Debug|Any CPU
		{BAB72A74-4A61-49D4-9E2A-EB909EE4EBAE}.Debug|iPhone.Build.0 = Debug|Any CPU
		{BAB72A74-4A61-49D4-9E2A-EB909EE4EBAE}.Debug|iPhone.Deploy.0 = Debug|Any CPU
		{BAB72A74-4A61-49D4-9E2A-EB909EE4EBAE}.Debug|iPhoneSimulator.ActiveCfg = Debug|Any CPU
		{BAB72A74-4A61-49D4-9E2A-EB909EE4EBAE}.Debug|iPhoneSimulator.Build.0 = Debug|Any CPU
		{BAB72A74-4A61-49D4-9E2A-EB909EE4EBAE}.Debug|iPhoneSimulator.Deploy.0 = Debug|Any CPU
		{BAB72A74-4A61-49D4-9E2A-EB909EE4EBAE}.Debug|x64.ActiveCfg = Debug|Any CPU
		{BAB72A74-4A61-49D4-9E2A-EB909EE4EBAE}.Debug|x64.Build.0 = Debug|Any CPU
		{BAB72A74-4A61-49D4-9E2A-EB909EE4EBAE}.Debug|x64.Deploy.0 = Debug|Any CPU
		{BAB72A74-4A61-49D4-9E2A-EB909EE4EBAE}.Debug|x86.ActiveCfg = Debug|Any CPU
		{BAB72A74-4A61-49D4-9E2A-EB909EE4EBAE}.Debug|x86.Build.0 = Debug|Any CPU
		{BAB72A74-4A61-49D4-9E2A-EB909EE4EBAE}.Debug|x86.Deploy.0 = Debug|Any CPU
		{BAB72A74-4A61-49D4-9E2A-EB909EE4EBAE}.Release|Any CPU.ActiveCfg = Release|Any CPU
		{BAB72A74-4A61-49D4-9E2A-EB909EE4EBAE}.Release|Any CPU.Build.0 = Release|Any CPU
		{BAB72A74-4A61-49D4-9E2A-EB909EE4EBAE}.Release|Any CPU.Deploy.0 = Release|Any CPU
		{BAB72A74-4A61-49D4-9E2A-EB909EE4EBAE}.Release|ARM.ActiveCfg = Release|Any CPU
		{BAB72A74-4A61-49D4-9E2A-EB909EE4EBAE}.Release|ARM.Build.0 = Release|Any CPU
		{BAB72A74-4A61-49D4-9E2A-EB909EE4EBAE}.Release|ARM.Deploy.0 = Release|Any CPU
		{BAB72A74-4A61-49D4-9E2A-EB909EE4EBAE}.Release|iPhone.ActiveCfg = Release|Any CPU
		{BAB72A74-4A61-49D4-9E2A-EB909EE4EBAE}.Release|iPhone.Build.0 = Release|Any CPU
		{BAB72A74-4A61-49D4-9E2A-EB909EE4EBAE}.Release|iPhone.Deploy.0 = Release|Any CPU
		{BAB72A74-4A61-49D4-9E2A-EB909EE4EBAE}.Release|iPhoneSimulator.ActiveCfg = Release|Any CPU
		{BAB72A74-4A61-49D4-9E2A-EB909EE4EBAE}.Release|iPhoneSimulator.Build.0 = Release|Any CPU
		{BAB72A74-4A61-49D4-9E2A-EB909EE4EBAE}.Release|iPhoneSimulator.Deploy.0 = Release|Any CPU
		{BAB72A74-4A61-49D4-9E2A-EB909EE4EBAE}.Release|x64.ActiveCfg = Release|Any CPU
		{BAB72A74-4A61-49D4-9E2A-EB909EE4EBAE}.Release|x64.Build.0 = Release|Any CPU
		{BAB72A74-4A61-49D4-9E2A-EB909EE4EBAE}.Release|x64.Deploy.0 = Release|Any CPU
		{BAB72A74-4A61-49D4-9E2A-EB909EE4EBAE}.Release|x86.ActiveCfg = Release|Any CPU
		{BAB72A74-4A61-49D4-9E2A-EB909EE4EBAE}.Release|x86.Build.0 = Release|Any CPU
		{BAB72A74-4A61-49D4-9E2A-EB909EE4EBAE}.Release|x86.Deploy.0 = Release|Any CPU
		{68CB3EFF-96A3-47E0-9CFF-19B7A610B496}.Ad-Hoc|Any CPU.ActiveCfg = Ad-Hoc|iPhone
		{68CB3EFF-96A3-47E0-9CFF-19B7A610B496}.Ad-Hoc|ARM.ActiveCfg = Ad-Hoc|iPhone
		{68CB3EFF-96A3-47E0-9CFF-19B7A610B496}.Ad-Hoc|iPhone.ActiveCfg = Ad-Hoc|iPhone
		{68CB3EFF-96A3-47E0-9CFF-19B7A610B496}.Ad-Hoc|iPhone.Build.0 = Ad-Hoc|iPhone
		{68CB3EFF-96A3-47E0-9CFF-19B7A610B496}.Ad-Hoc|iPhoneSimulator.ActiveCfg = Ad-Hoc|iPhoneSimulator
		{68CB3EFF-96A3-47E0-9CFF-19B7A610B496}.Ad-Hoc|iPhoneSimulator.Build.0 = Ad-Hoc|iPhoneSimulator
		{68CB3EFF-96A3-47E0-9CFF-19B7A610B496}.Ad-Hoc|x64.ActiveCfg = Ad-Hoc|iPhone
		{68CB3EFF-96A3-47E0-9CFF-19B7A610B496}.Ad-Hoc|x86.ActiveCfg = Ad-Hoc|iPhone
		{68CB3EFF-96A3-47E0-9CFF-19B7A610B496}.AppStore|Any CPU.ActiveCfg = AppStore|iPhone
		{68CB3EFF-96A3-47E0-9CFF-19B7A610B496}.AppStore|ARM.ActiveCfg = AppStore|iPhone
		{68CB3EFF-96A3-47E0-9CFF-19B7A610B496}.AppStore|iPhone.ActiveCfg = AppStore|iPhone
		{68CB3EFF-96A3-47E0-9CFF-19B7A610B496}.AppStore|iPhone.Build.0 = AppStore|iPhone
		{68CB3EFF-96A3-47E0-9CFF-19B7A610B496}.AppStore|iPhoneSimulator.ActiveCfg = AppStore|iPhoneSimulator
		{68CB3EFF-96A3-47E0-9CFF-19B7A610B496}.AppStore|iPhoneSimulator.Build.0 = AppStore|iPhoneSimulator
		{68CB3EFF-96A3-47E0-9CFF-19B7A610B496}.AppStore|x64.ActiveCfg = AppStore|iPhone
		{68CB3EFF-96A3-47E0-9CFF-19B7A610B496}.AppStore|x86.ActiveCfg = AppStore|iPhone
		{68CB3EFF-96A3-47E0-9CFF-19B7A610B496}.Debug|Any CPU.ActiveCfg = Debug|iPhone
		{68CB3EFF-96A3-47E0-9CFF-19B7A610B496}.Debug|ARM.ActiveCfg = Debug|iPhone
		{68CB3EFF-96A3-47E0-9CFF-19B7A610B496}.Debug|iPhone.ActiveCfg = Debug|iPhone
		{68CB3EFF-96A3-47E0-9CFF-19B7A610B496}.Debug|iPhone.Build.0 = Debug|iPhone
		{68CB3EFF-96A3-47E0-9CFF-19B7A610B496}.Debug|iPhoneSimulator.ActiveCfg = Debug|iPhoneSimulator
		{68CB3EFF-96A3-47E0-9CFF-19B7A610B496}.Debug|iPhoneSimulator.Build.0 = Debug|iPhoneSimulator
		{68CB3EFF-96A3-47E0-9CFF-19B7A610B496}.Debug|x64.ActiveCfg = Debug|iPhone
		{68CB3EFF-96A3-47E0-9CFF-19B7A610B496}.Debug|x86.ActiveCfg = Debug|iPhone
		{68CB3EFF-96A3-47E0-9CFF-19B7A610B496}.Release|Any CPU.ActiveCfg = Release|iPhone
		{68CB3EFF-96A3-47E0-9CFF-19B7A610B496}.Release|ARM.ActiveCfg = Release|iPhone
		{68CB3EFF-96A3-47E0-9CFF-19B7A610B496}.Release|iPhone.ActiveCfg = Release|iPhone
		{68CB3EFF-96A3-47E0-9CFF-19B7A610B496}.Release|iPhone.Build.0 = Release|iPhone
		{68CB3EFF-96A3-47E0-9CFF-19B7A610B496}.Release|iPhoneSimulator.ActiveCfg = Release|iPhoneSimulator
		{68CB3EFF-96A3-47E0-9CFF-19B7A610B496}.Release|iPhoneSimulator.Build.0 = Release|iPhoneSimulator
		{68CB3EFF-96A3-47E0-9CFF-19B7A610B496}.Release|x64.ActiveCfg = Release|iPhone
		{68CB3EFF-96A3-47E0-9CFF-19B7A610B496}.Release|x86.ActiveCfg = Release|iPhone
		{2F2B5721-07EF-4E60-9CED-65703B74A91E}.Ad-Hoc|Any CPU.ActiveCfg = Release|x86
		{2F2B5721-07EF-4E60-9CED-65703B74A91E}.Ad-Hoc|Any CPU.Build.0 = Release|x86
		{2F2B5721-07EF-4E60-9CED-65703B74A91E}.Ad-Hoc|Any CPU.Deploy.0 = Release|x86
		{2F2B5721-07EF-4E60-9CED-65703B74A91E}.Ad-Hoc|ARM.ActiveCfg = Release|ARM
		{2F2B5721-07EF-4E60-9CED-65703B74A91E}.Ad-Hoc|ARM.Build.0 = Release|ARM
		{2F2B5721-07EF-4E60-9CED-65703B74A91E}.Ad-Hoc|ARM.Deploy.0 = Release|ARM
		{2F2B5721-07EF-4E60-9CED-65703B74A91E}.Ad-Hoc|iPhone.ActiveCfg = Release|x86
		{2F2B5721-07EF-4E60-9CED-65703B74A91E}.Ad-Hoc|iPhone.Build.0 = Release|x86
		{2F2B5721-07EF-4E60-9CED-65703B74A91E}.Ad-Hoc|iPhone.Deploy.0 = Release|x86
		{2F2B5721-07EF-4E60-9CED-65703B74A91E}.Ad-Hoc|iPhoneSimulator.ActiveCfg = Release|x86
		{2F2B5721-07EF-4E60-9CED-65703B74A91E}.Ad-Hoc|iPhoneSimulator.Build.0 = Release|x86
		{2F2B5721-07EF-4E60-9CED-65703B74A91E}.Ad-Hoc|iPhoneSimulator.Deploy.0 = Release|x86
		{2F2B5721-07EF-4E60-9CED-65703B74A91E}.Ad-Hoc|x64.ActiveCfg = Release|x64
		{2F2B5721-07EF-4E60-9CED-65703B74A91E}.Ad-Hoc|x64.Build.0 = Release|x64
		{2F2B5721-07EF-4E60-9CED-65703B74A91E}.Ad-Hoc|x64.Deploy.0 = Release|x64
		{2F2B5721-07EF-4E60-9CED-65703B74A91E}.Ad-Hoc|x86.ActiveCfg = Release|x86
		{2F2B5721-07EF-4E60-9CED-65703B74A91E}.Ad-Hoc|x86.Build.0 = Release|x86
		{2F2B5721-07EF-4E60-9CED-65703B74A91E}.Ad-Hoc|x86.Deploy.0 = Release|x86
		{2F2B5721-07EF-4E60-9CED-65703B74A91E}.AppStore|Any CPU.ActiveCfg = Release|x86
		{2F2B5721-07EF-4E60-9CED-65703B74A91E}.AppStore|Any CPU.Build.0 = Release|x86
		{2F2B5721-07EF-4E60-9CED-65703B74A91E}.AppStore|Any CPU.Deploy.0 = Release|x86
		{2F2B5721-07EF-4E60-9CED-65703B74A91E}.AppStore|ARM.ActiveCfg = Release|ARM
		{2F2B5721-07EF-4E60-9CED-65703B74A91E}.AppStore|ARM.Build.0 = Release|ARM
		{2F2B5721-07EF-4E60-9CED-65703B74A91E}.AppStore|ARM.Deploy.0 = Release|ARM
		{2F2B5721-07EF-4E60-9CED-65703B74A91E}.AppStore|iPhone.ActiveCfg = Release|x86
		{2F2B5721-07EF-4E60-9CED-65703B74A91E}.AppStore|iPhone.Build.0 = Release|x86
		{2F2B5721-07EF-4E60-9CED-65703B74A91E}.AppStore|iPhone.Deploy.0 = Release|x86
		{2F2B5721-07EF-4E60-9CED-65703B74A91E}.AppStore|iPhoneSimulator.ActiveCfg = Release|x86
		{2F2B5721-07EF-4E60-9CED-65703B74A91E}.AppStore|iPhoneSimulator.Build.0 = Release|x86
		{2F2B5721-07EF-4E60-9CED-65703B74A91E}.AppStore|iPhoneSimulator.Deploy.0 = Release|x86
		{2F2B5721-07EF-4E60-9CED-65703B74A91E}.AppStore|x64.ActiveCfg = Release|x64
		{2F2B5721-07EF-4E60-9CED-65703B74A91E}.AppStore|x64.Build.0 = Release|x64
		{2F2B5721-07EF-4E60-9CED-65703B74A91E}.AppStore|x64.Deploy.0 = Release|x64
		{2F2B5721-07EF-4E60-9CED-65703B74A91E}.AppStore|x86.ActiveCfg = Release|x86
		{2F2B5721-07EF-4E60-9CED-65703B74A91E}.AppStore|x86.Build.0 = Release|x86
		{2F2B5721-07EF-4E60-9CED-65703B74A91E}.AppStore|x86.Deploy.0 = Release|x86
		{2F2B5721-07EF-4E60-9CED-65703B74A91E}.Debug|Any CPU.ActiveCfg = Debug|x86
		{2F2B5721-07EF-4E60-9CED-65703B74A91E}.Debug|ARM.ActiveCfg = Debug|ARM
		{2F2B5721-07EF-4E60-9CED-65703B74A91E}.Debug|ARM.Build.0 = Debug|ARM
		{2F2B5721-07EF-4E60-9CED-65703B74A91E}.Debug|ARM.Deploy.0 = Debug|ARM
		{2F2B5721-07EF-4E60-9CED-65703B74A91E}.Debug|iPhone.ActiveCfg = Debug|x86
		{2F2B5721-07EF-4E60-9CED-65703B74A91E}.Debug|iPhoneSimulator.ActiveCfg = Debug|x86
		{2F2B5721-07EF-4E60-9CED-65703B74A91E}.Debug|x64.ActiveCfg = Debug|x64
		{2F2B5721-07EF-4E60-9CED-65703B74A91E}.Debug|x64.Build.0 = Debug|x64
		{2F2B5721-07EF-4E60-9CED-65703B74A91E}.Debug|x64.Deploy.0 = Debug|x64
		{2F2B5721-07EF-4E60-9CED-65703B74A91E}.Debug|x86.ActiveCfg = Debug|x86
		{2F2B5721-07EF-4E60-9CED-65703B74A91E}.Debug|x86.Build.0 = Debug|x86
		{2F2B5721-07EF-4E60-9CED-65703B74A91E}.Debug|x86.Deploy.0 = Debug|x86
		{2F2B5721-07EF-4E60-9CED-65703B74A91E}.Release|Any CPU.ActiveCfg = Release|x86
		{2F2B5721-07EF-4E60-9CED-65703B74A91E}.Release|ARM.ActiveCfg = Release|ARM
		{2F2B5721-07EF-4E60-9CED-65703B74A91E}.Release|ARM.Build.0 = Release|ARM
		{2F2B5721-07EF-4E60-9CED-65703B74A91E}.Release|ARM.Deploy.0 = Release|ARM
		{2F2B5721-07EF-4E60-9CED-65703B74A91E}.Release|iPhone.ActiveCfg = Release|x86
		{2F2B5721-07EF-4E60-9CED-65703B74A91E}.Release|iPhoneSimulator.ActiveCfg = Release|x86
		{2F2B5721-07EF-4E60-9CED-65703B74A91E}.Release|x64.ActiveCfg = Release|x64
		{2F2B5721-07EF-4E60-9CED-65703B74A91E}.Release|x64.Build.0 = Release|x64
		{2F2B5721-07EF-4E60-9CED-65703B74A91E}.Release|x64.Deploy.0 = Release|x64
		{2F2B5721-07EF-4E60-9CED-65703B74A91E}.Release|x86.ActiveCfg = Release|x86
		{2F2B5721-07EF-4E60-9CED-65703B74A91E}.Release|x86.Build.0 = Release|x86
		{2F2B5721-07EF-4E60-9CED-65703B74A91E}.Release|x86.Deploy.0 = Release|x86
		{1D63F606-4209-440E-8874-2977E95BD3B1}.Ad-Hoc|Any CPU.ActiveCfg = Debug|Any CPU
		{1D63F606-4209-440E-8874-2977E95BD3B1}.Ad-Hoc|Any CPU.Build.0 = Debug|Any CPU
		{1D63F606-4209-440E-8874-2977E95BD3B1}.Ad-Hoc|ARM.ActiveCfg = Debug|Any CPU
		{1D63F606-4209-440E-8874-2977E95BD3B1}.Ad-Hoc|ARM.Build.0 = Debug|Any CPU
		{1D63F606-4209-440E-8874-2977E95BD3B1}.Ad-Hoc|iPhone.ActiveCfg = Debug|Any CPU
		{1D63F606-4209-440E-8874-2977E95BD3B1}.Ad-Hoc|iPhone.Build.0 = Debug|Any CPU
		{1D63F606-4209-440E-8874-2977E95BD3B1}.Ad-Hoc|iPhoneSimulator.ActiveCfg = Debug|Any CPU
		{1D63F606-4209-440E-8874-2977E95BD3B1}.Ad-Hoc|iPhoneSimulator.Build.0 = Debug|Any CPU
		{1D63F606-4209-440E-8874-2977E95BD3B1}.Ad-Hoc|x64.ActiveCfg = Debug|Any CPU
		{1D63F606-4209-440E-8874-2977E95BD3B1}.Ad-Hoc|x64.Build.0 = Debug|Any CPU
		{1D63F606-4209-440E-8874-2977E95BD3B1}.Ad-Hoc|x86.ActiveCfg = Debug|Any CPU
		{1D63F606-4209-440E-8874-2977E95BD3B1}.Ad-Hoc|x86.Build.0 = Debug|Any CPU
		{1D63F606-4209-440E-8874-2977E95BD3B1}.AppStore|Any CPU.ActiveCfg = Debug|Any CPU
		{1D63F606-4209-440E-8874-2977E95BD3B1}.AppStore|Any CPU.Build.0 = Debug|Any CPU
		{1D63F606-4209-440E-8874-2977E95BD3B1}.AppStore|ARM.ActiveCfg = Debug|Any CPU
		{1D63F606-4209-440E-8874-2977E95BD3B1}.AppStore|ARM.Build.0 = Debug|Any CPU
		{1D63F606-4209-440E-8874-2977E95BD3B1}.AppStore|iPhone.ActiveCfg = Debug|Any CPU
		{1D63F606-4209-440E-8874-2977E95BD3B1}.AppStore|iPhone.Build.0 = Debug|Any CPU
		{1D63F606-4209-440E-8874-2977E95BD3B1}.AppStore|iPhoneSimulator.ActiveCfg = Debug|Any CPU
		{1D63F606-4209-440E-8874-2977E95BD3B1}.AppStore|iPhoneSimulator.Build.0 = Debug|Any CPU
		{1D63F606-4209-440E-8874-2977E95BD3B1}.AppStore|x64.ActiveCfg = Debug|Any CPU
		{1D63F606-4209-440E-8874-2977E95BD3B1}.AppStore|x64.Build.0 = Debug|Any CPU
		{1D63F606-4209-440E-8874-2977E95BD3B1}.AppStore|x86.ActiveCfg = Debug|Any CPU
		{1D63F606-4209-440E-8874-2977E95BD3B1}.AppStore|x86.Build.0 = Debug|Any CPU
		{1D63F606-4209-440E-8874-2977E95BD3B1}.Debug|Any CPU.ActiveCfg = Debug|Any CPU
		{1D63F606-4209-440E-8874-2977E95BD3B1}.Debug|Any CPU.Build.0 = Debug|Any CPU
		{1D63F606-4209-440E-8874-2977E95BD3B1}.Debug|ARM.ActiveCfg = Debug|Any CPU
		{1D63F606-4209-440E-8874-2977E95BD3B1}.Debug|ARM.Build.0 = Debug|Any CPU
		{1D63F606-4209-440E-8874-2977E95BD3B1}.Debug|iPhone.ActiveCfg = Debug|Any CPU
		{1D63F606-4209-440E-8874-2977E95BD3B1}.Debug|iPhone.Build.0 = Debug|Any CPU
		{1D63F606-4209-440E-8874-2977E95BD3B1}.Debug|iPhoneSimulator.ActiveCfg = Debug|Any CPU
		{1D63F606-4209-440E-8874-2977E95BD3B1}.Debug|iPhoneSimulator.Build.0 = Debug|Any CPU
		{1D63F606-4209-440E-8874-2977E95BD3B1}.Debug|x64.ActiveCfg = Debug|Any CPU
		{1D63F606-4209-440E-8874-2977E95BD3B1}.Debug|x64.Build.0 = Debug|Any CPU
		{1D63F606-4209-440E-8874-2977E95BD3B1}.Debug|x86.ActiveCfg = Debug|Any CPU
		{1D63F606-4209-440E-8874-2977E95BD3B1}.Debug|x86.Build.0 = Debug|Any CPU
		{1D63F606-4209-440E-8874-2977E95BD3B1}.Release|Any CPU.ActiveCfg = Release|Any CPU
		{1D63F606-4209-440E-8874-2977E95BD3B1}.Release|Any CPU.Build.0 = Release|Any CPU
		{1D63F606-4209-440E-8874-2977E95BD3B1}.Release|ARM.ActiveCfg = Release|Any CPU
		{1D63F606-4209-440E-8874-2977E95BD3B1}.Release|ARM.Build.0 = Release|Any CPU
		{1D63F606-4209-440E-8874-2977E95BD3B1}.Release|iPhone.ActiveCfg = Release|Any CPU
		{1D63F606-4209-440E-8874-2977E95BD3B1}.Release|iPhone.Build.0 = Release|Any CPU
		{1D63F606-4209-440E-8874-2977E95BD3B1}.Release|iPhoneSimulator.ActiveCfg = Release|Any CPU
		{1D63F606-4209-440E-8874-2977E95BD3B1}.Release|iPhoneSimulator.Build.0 = Release|Any CPU
		{1D63F606-4209-440E-8874-2977E95BD3B1}.Release|x64.ActiveCfg = Release|Any CPU
		{1D63F606-4209-440E-8874-2977E95BD3B1}.Release|x64.Build.0 = Release|Any CPU
		{1D63F606-4209-440E-8874-2977E95BD3B1}.Release|x86.ActiveCfg = Release|Any CPU
		{1D63F606-4209-440E-8874-2977E95BD3B1}.Release|x86.Build.0 = Release|Any CPU
		{6D6F96F3-2C19-44DB-90AE-CF0E8C6327C0}.Ad-Hoc|Any CPU.ActiveCfg = Release|Any CPU
		{6D6F96F3-2C19-44DB-90AE-CF0E8C6327C0}.Ad-Hoc|Any CPU.Build.0 = Release|Any CPU
		{6D6F96F3-2C19-44DB-90AE-CF0E8C6327C0}.Ad-Hoc|Any CPU.Deploy.0 = Release|Any CPU
		{6D6F96F3-2C19-44DB-90AE-CF0E8C6327C0}.Ad-Hoc|ARM.ActiveCfg = Release|Any CPU
		{6D6F96F3-2C19-44DB-90AE-CF0E8C6327C0}.Ad-Hoc|ARM.Build.0 = Release|Any CPU
		{6D6F96F3-2C19-44DB-90AE-CF0E8C6327C0}.Ad-Hoc|ARM.Deploy.0 = Release|Any CPU
		{6D6F96F3-2C19-44DB-90AE-CF0E8C6327C0}.Ad-Hoc|iPhone.ActiveCfg = Release|Any CPU
		{6D6F96F3-2C19-44DB-90AE-CF0E8C6327C0}.Ad-Hoc|iPhone.Build.0 = Release|Any CPU
		{6D6F96F3-2C19-44DB-90AE-CF0E8C6327C0}.Ad-Hoc|iPhone.Deploy.0 = Release|Any CPU
		{6D6F96F3-2C19-44DB-90AE-CF0E8C6327C0}.Ad-Hoc|iPhoneSimulator.ActiveCfg = Release|Any CPU
		{6D6F96F3-2C19-44DB-90AE-CF0E8C6327C0}.Ad-Hoc|iPhoneSimulator.Build.0 = Release|Any CPU
		{6D6F96F3-2C19-44DB-90AE-CF0E8C6327C0}.Ad-Hoc|iPhoneSimulator.Deploy.0 = Release|Any CPU
		{6D6F96F3-2C19-44DB-90AE-CF0E8C6327C0}.Ad-Hoc|x64.ActiveCfg = Release|Any CPU
		{6D6F96F3-2C19-44DB-90AE-CF0E8C6327C0}.Ad-Hoc|x64.Build.0 = Release|Any CPU
		{6D6F96F3-2C19-44DB-90AE-CF0E8C6327C0}.Ad-Hoc|x64.Deploy.0 = Release|Any CPU
		{6D6F96F3-2C19-44DB-90AE-CF0E8C6327C0}.Ad-Hoc|x86.ActiveCfg = Release|Any CPU
		{6D6F96F3-2C19-44DB-90AE-CF0E8C6327C0}.Ad-Hoc|x86.Build.0 = Release|Any CPU
		{6D6F96F3-2C19-44DB-90AE-CF0E8C6327C0}.Ad-Hoc|x86.Deploy.0 = Release|Any CPU
		{6D6F96F3-2C19-44DB-90AE-CF0E8C6327C0}.AppStore|Any CPU.ActiveCfg = Release|Any CPU
		{6D6F96F3-2C19-44DB-90AE-CF0E8C6327C0}.AppStore|Any CPU.Build.0 = Release|Any CPU
		{6D6F96F3-2C19-44DB-90AE-CF0E8C6327C0}.AppStore|Any CPU.Deploy.0 = Release|Any CPU
		{6D6F96F3-2C19-44DB-90AE-CF0E8C6327C0}.AppStore|ARM.ActiveCfg = Release|Any CPU
		{6D6F96F3-2C19-44DB-90AE-CF0E8C6327C0}.AppStore|ARM.Build.0 = Release|Any CPU
		{6D6F96F3-2C19-44DB-90AE-CF0E8C6327C0}.AppStore|ARM.Deploy.0 = Release|Any CPU
		{6D6F96F3-2C19-44DB-90AE-CF0E8C6327C0}.AppStore|iPhone.ActiveCfg = Release|Any CPU
		{6D6F96F3-2C19-44DB-90AE-CF0E8C6327C0}.AppStore|iPhone.Build.0 = Release|Any CPU
		{6D6F96F3-2C19-44DB-90AE-CF0E8C6327C0}.AppStore|iPhone.Deploy.0 = Release|Any CPU
		{6D6F96F3-2C19-44DB-90AE-CF0E8C6327C0}.AppStore|iPhoneSimulator.ActiveCfg = Release|Any CPU
		{6D6F96F3-2C19-44DB-90AE-CF0E8C6327C0}.AppStore|iPhoneSimulator.Build.0 = Release|Any CPU
		{6D6F96F3-2C19-44DB-90AE-CF0E8C6327C0}.AppStore|iPhoneSimulator.Deploy.0 = Release|Any CPU
		{6D6F96F3-2C19-44DB-90AE-CF0E8C6327C0}.AppStore|x64.ActiveCfg = Release|Any CPU
		{6D6F96F3-2C19-44DB-90AE-CF0E8C6327C0}.AppStore|x64.Build.0 = Release|Any CPU
		{6D6F96F3-2C19-44DB-90AE-CF0E8C6327C0}.AppStore|x64.Deploy.0 = Release|Any CPU
		{6D6F96F3-2C19-44DB-90AE-CF0E8C6327C0}.AppStore|x86.ActiveCfg = Release|Any CPU
		{6D6F96F3-2C19-44DB-90AE-CF0E8C6327C0}.AppStore|x86.Build.0 = Release|Any CPU
		{6D6F96F3-2C19-44DB-90AE-CF0E8C6327C0}.AppStore|x86.Deploy.0 = Release|Any CPU
		{6D6F96F3-2C19-44DB-90AE-CF0E8C6327C0}.Debug|Any CPU.ActiveCfg = Debug|Any CPU
		{6D6F96F3-2C19-44DB-90AE-CF0E8C6327C0}.Debug|Any CPU.Build.0 = Debug|Any CPU
		{6D6F96F3-2C19-44DB-90AE-CF0E8C6327C0}.Debug|Any CPU.Deploy.0 = Debug|Any CPU
		{6D6F96F3-2C19-44DB-90AE-CF0E8C6327C0}.Debug|ARM.ActiveCfg = Debug|Any CPU
		{6D6F96F3-2C19-44DB-90AE-CF0E8C6327C0}.Debug|ARM.Build.0 = Debug|Any CPU
		{6D6F96F3-2C19-44DB-90AE-CF0E8C6327C0}.Debug|ARM.Deploy.0 = Debug|Any CPU
		{6D6F96F3-2C19-44DB-90AE-CF0E8C6327C0}.Debug|iPhone.ActiveCfg = Debug|Any CPU
		{6D6F96F3-2C19-44DB-90AE-CF0E8C6327C0}.Debug|iPhone.Build.0 = Debug|Any CPU
		{6D6F96F3-2C19-44DB-90AE-CF0E8C6327C0}.Debug|iPhone.Deploy.0 = Debug|Any CPU
		{6D6F96F3-2C19-44DB-90AE-CF0E8C6327C0}.Debug|iPhoneSimulator.ActiveCfg = Debug|Any CPU
		{6D6F96F3-2C19-44DB-90AE-CF0E8C6327C0}.Debug|iPhoneSimulator.Build.0 = Debug|Any CPU
		{6D6F96F3-2C19-44DB-90AE-CF0E8C6327C0}.Debug|iPhoneSimulator.Deploy.0 = Debug|Any CPU
		{6D6F96F3-2C19-44DB-90AE-CF0E8C6327C0}.Debug|x64.ActiveCfg = Debug|Any CPU
		{6D6F96F3-2C19-44DB-90AE-CF0E8C6327C0}.Debug|x64.Build.0 = Debug|Any CPU
		{6D6F96F3-2C19-44DB-90AE-CF0E8C6327C0}.Debug|x64.Deploy.0 = Debug|Any CPU
		{6D6F96F3-2C19-44DB-90AE-CF0E8C6327C0}.Debug|x86.ActiveCfg = Debug|Any CPU
		{6D6F96F3-2C19-44DB-90AE-CF0E8C6327C0}.Debug|x86.Build.0 = Debug|Any CPU
		{6D6F96F3-2C19-44DB-90AE-CF0E8C6327C0}.Debug|x86.Deploy.0 = Debug|Any CPU
		{6D6F96F3-2C19-44DB-90AE-CF0E8C6327C0}.Release|Any CPU.ActiveCfg = Release|Any CPU
		{6D6F96F3-2C19-44DB-90AE-CF0E8C6327C0}.Release|Any CPU.Build.0 = Release|Any CPU
		{6D6F96F3-2C19-44DB-90AE-CF0E8C6327C0}.Release|Any CPU.Deploy.0 = Release|Any CPU
		{6D6F96F3-2C19-44DB-90AE-CF0E8C6327C0}.Release|ARM.ActiveCfg = Release|Any CPU
		{6D6F96F3-2C19-44DB-90AE-CF0E8C6327C0}.Release|ARM.Build.0 = Release|Any CPU
		{6D6F96F3-2C19-44DB-90AE-CF0E8C6327C0}.Release|ARM.Deploy.0 = Release|Any CPU
		{6D6F96F3-2C19-44DB-90AE-CF0E8C6327C0}.Release|iPhone.ActiveCfg = Release|Any CPU
		{6D6F96F3-2C19-44DB-90AE-CF0E8C6327C0}.Release|iPhone.Build.0 = Release|Any CPU
		{6D6F96F3-2C19-44DB-90AE-CF0E8C6327C0}.Release|iPhone.Deploy.0 = Release|Any CPU
		{6D6F96F3-2C19-44DB-90AE-CF0E8C6327C0}.Release|iPhoneSimulator.ActiveCfg = Release|Any CPU
		{6D6F96F3-2C19-44DB-90AE-CF0E8C6327C0}.Release|iPhoneSimulator.Build.0 = Release|Any CPU
		{6D6F96F3-2C19-44DB-90AE-CF0E8C6327C0}.Release|iPhoneSimulator.Deploy.0 = Release|Any CPU
		{6D6F96F3-2C19-44DB-90AE-CF0E8C6327C0}.Release|x64.ActiveCfg = Release|Any CPU
		{6D6F96F3-2C19-44DB-90AE-CF0E8C6327C0}.Release|x64.Build.0 = Release|Any CPU
		{6D6F96F3-2C19-44DB-90AE-CF0E8C6327C0}.Release|x64.Deploy.0 = Release|Any CPU
		{6D6F96F3-2C19-44DB-90AE-CF0E8C6327C0}.Release|x86.ActiveCfg = Release|Any CPU
		{6D6F96F3-2C19-44DB-90AE-CF0E8C6327C0}.Release|x86.Build.0 = Release|Any CPU
		{6D6F96F3-2C19-44DB-90AE-CF0E8C6327C0}.Release|x86.Deploy.0 = Release|Any CPU
		{73320FAA-DB8C-4D49-8C23-F5425FEBD6CD}.Ad-Hoc|Any CPU.ActiveCfg = Ad-Hoc|iPhone
		{73320FAA-DB8C-4D49-8C23-F5425FEBD6CD}.Ad-Hoc|ARM.ActiveCfg = Ad-Hoc|iPhone
		{73320FAA-DB8C-4D49-8C23-F5425FEBD6CD}.Ad-Hoc|iPhone.ActiveCfg = Ad-Hoc|iPhone
		{73320FAA-DB8C-4D49-8C23-F5425FEBD6CD}.Ad-Hoc|iPhone.Build.0 = Ad-Hoc|iPhone
		{73320FAA-DB8C-4D49-8C23-F5425FEBD6CD}.Ad-Hoc|iPhoneSimulator.ActiveCfg = Ad-Hoc|iPhoneSimulator
		{73320FAA-DB8C-4D49-8C23-F5425FEBD6CD}.Ad-Hoc|iPhoneSimulator.Build.0 = Ad-Hoc|iPhoneSimulator
		{73320FAA-DB8C-4D49-8C23-F5425FEBD6CD}.Ad-Hoc|x64.ActiveCfg = Ad-Hoc|iPhone
		{73320FAA-DB8C-4D49-8C23-F5425FEBD6CD}.Ad-Hoc|x86.ActiveCfg = Ad-Hoc|iPhone
		{73320FAA-DB8C-4D49-8C23-F5425FEBD6CD}.AppStore|Any CPU.ActiveCfg = AppStore|iPhone
		{73320FAA-DB8C-4D49-8C23-F5425FEBD6CD}.AppStore|ARM.ActiveCfg = AppStore|iPhone
		{73320FAA-DB8C-4D49-8C23-F5425FEBD6CD}.AppStore|iPhone.ActiveCfg = AppStore|iPhone
		{73320FAA-DB8C-4D49-8C23-F5425FEBD6CD}.AppStore|iPhone.Build.0 = AppStore|iPhone
		{73320FAA-DB8C-4D49-8C23-F5425FEBD6CD}.AppStore|iPhoneSimulator.ActiveCfg = AppStore|iPhoneSimulator
		{73320FAA-DB8C-4D49-8C23-F5425FEBD6CD}.AppStore|iPhoneSimulator.Build.0 = AppStore|iPhoneSimulator
		{73320FAA-DB8C-4D49-8C23-F5425FEBD6CD}.AppStore|x64.ActiveCfg = AppStore|iPhone
		{73320FAA-DB8C-4D49-8C23-F5425FEBD6CD}.AppStore|x86.ActiveCfg = AppStore|iPhone
		{73320FAA-DB8C-4D49-8C23-F5425FEBD6CD}.Debug|Any CPU.ActiveCfg = Debug|iPhone
		{73320FAA-DB8C-4D49-8C23-F5425FEBD6CD}.Debug|ARM.ActiveCfg = Debug|iPhone
		{73320FAA-DB8C-4D49-8C23-F5425FEBD6CD}.Debug|iPhone.ActiveCfg = Debug|iPhone
		{73320FAA-DB8C-4D49-8C23-F5425FEBD6CD}.Debug|iPhone.Build.0 = Debug|iPhone
		{73320FAA-DB8C-4D49-8C23-F5425FEBD6CD}.Debug|iPhoneSimulator.ActiveCfg = Debug|iPhoneSimulator
		{73320FAA-DB8C-4D49-8C23-F5425FEBD6CD}.Debug|iPhoneSimulator.Build.0 = Debug|iPhoneSimulator
		{73320FAA-DB8C-4D49-8C23-F5425FEBD6CD}.Debug|x64.ActiveCfg = Debug|iPhone
		{73320FAA-DB8C-4D49-8C23-F5425FEBD6CD}.Debug|x86.ActiveCfg = Debug|iPhone
		{73320FAA-DB8C-4D49-8C23-F5425FEBD6CD}.Release|Any CPU.ActiveCfg = Release|iPhone
		{73320FAA-DB8C-4D49-8C23-F5425FEBD6CD}.Release|ARM.ActiveCfg = Release|iPhone
		{73320FAA-DB8C-4D49-8C23-F5425FEBD6CD}.Release|iPhone.ActiveCfg = Release|iPhone
		{73320FAA-DB8C-4D49-8C23-F5425FEBD6CD}.Release|iPhone.Build.0 = Release|iPhone
		{73320FAA-DB8C-4D49-8C23-F5425FEBD6CD}.Release|iPhoneSimulator.ActiveCfg = Release|iPhoneSimulator
		{73320FAA-DB8C-4D49-8C23-F5425FEBD6CD}.Release|iPhoneSimulator.Build.0 = Release|iPhoneSimulator
		{73320FAA-DB8C-4D49-8C23-F5425FEBD6CD}.Release|x64.ActiveCfg = Release|iPhone
		{73320FAA-DB8C-4D49-8C23-F5425FEBD6CD}.Release|x86.ActiveCfg = Release|iPhone
		{C75910FB-0486-441E-A587-8E4877B0354F}.Ad-Hoc|Any CPU.ActiveCfg = Release|x86
		{C75910FB-0486-441E-A587-8E4877B0354F}.Ad-Hoc|Any CPU.Build.0 = Release|x86
		{C75910FB-0486-441E-A587-8E4877B0354F}.Ad-Hoc|Any CPU.Deploy.0 = Release|x86
		{C75910FB-0486-441E-A587-8E4877B0354F}.Ad-Hoc|ARM.ActiveCfg = Release|ARM
		{C75910FB-0486-441E-A587-8E4877B0354F}.Ad-Hoc|ARM.Build.0 = Release|ARM
		{C75910FB-0486-441E-A587-8E4877B0354F}.Ad-Hoc|ARM.Deploy.0 = Release|ARM
		{C75910FB-0486-441E-A587-8E4877B0354F}.Ad-Hoc|iPhone.ActiveCfg = Release|x86
		{C75910FB-0486-441E-A587-8E4877B0354F}.Ad-Hoc|iPhone.Build.0 = Release|x86
		{C75910FB-0486-441E-A587-8E4877B0354F}.Ad-Hoc|iPhone.Deploy.0 = Release|x86
		{C75910FB-0486-441E-A587-8E4877B0354F}.Ad-Hoc|iPhoneSimulator.ActiveCfg = Release|x86
		{C75910FB-0486-441E-A587-8E4877B0354F}.Ad-Hoc|iPhoneSimulator.Build.0 = Release|x86
		{C75910FB-0486-441E-A587-8E4877B0354F}.Ad-Hoc|iPhoneSimulator.Deploy.0 = Release|x86
		{C75910FB-0486-441E-A587-8E4877B0354F}.Ad-Hoc|x64.ActiveCfg = Release|x64
		{C75910FB-0486-441E-A587-8E4877B0354F}.Ad-Hoc|x64.Build.0 = Release|x64
		{C75910FB-0486-441E-A587-8E4877B0354F}.Ad-Hoc|x64.Deploy.0 = Release|x64
		{C75910FB-0486-441E-A587-8E4877B0354F}.Ad-Hoc|x86.ActiveCfg = Release|x86
		{C75910FB-0486-441E-A587-8E4877B0354F}.Ad-Hoc|x86.Build.0 = Release|x86
		{C75910FB-0486-441E-A587-8E4877B0354F}.Ad-Hoc|x86.Deploy.0 = Release|x86
		{C75910FB-0486-441E-A587-8E4877B0354F}.AppStore|Any CPU.ActiveCfg = Release|x86
		{C75910FB-0486-441E-A587-8E4877B0354F}.AppStore|Any CPU.Build.0 = Release|x86
		{C75910FB-0486-441E-A587-8E4877B0354F}.AppStore|Any CPU.Deploy.0 = Release|x86
		{C75910FB-0486-441E-A587-8E4877B0354F}.AppStore|ARM.ActiveCfg = Release|ARM
		{C75910FB-0486-441E-A587-8E4877B0354F}.AppStore|ARM.Build.0 = Release|ARM
		{C75910FB-0486-441E-A587-8E4877B0354F}.AppStore|ARM.Deploy.0 = Release|ARM
		{C75910FB-0486-441E-A587-8E4877B0354F}.AppStore|iPhone.ActiveCfg = Release|x86
		{C75910FB-0486-441E-A587-8E4877B0354F}.AppStore|iPhone.Build.0 = Release|x86
		{C75910FB-0486-441E-A587-8E4877B0354F}.AppStore|iPhone.Deploy.0 = Release|x86
		{C75910FB-0486-441E-A587-8E4877B0354F}.AppStore|iPhoneSimulator.ActiveCfg = Release|x86
		{C75910FB-0486-441E-A587-8E4877B0354F}.AppStore|iPhoneSimulator.Build.0 = Release|x86
		{C75910FB-0486-441E-A587-8E4877B0354F}.AppStore|iPhoneSimulator.Deploy.0 = Release|x86
		{C75910FB-0486-441E-A587-8E4877B0354F}.AppStore|x64.ActiveCfg = Release|x64
		{C75910FB-0486-441E-A587-8E4877B0354F}.AppStore|x64.Build.0 = Release|x64
		{C75910FB-0486-441E-A587-8E4877B0354F}.AppStore|x64.Deploy.0 = Release|x64
		{C75910FB-0486-441E-A587-8E4877B0354F}.AppStore|x86.ActiveCfg = Release|x86
		{C75910FB-0486-441E-A587-8E4877B0354F}.AppStore|x86.Build.0 = Release|x86
		{C75910FB-0486-441E-A587-8E4877B0354F}.AppStore|x86.Deploy.0 = Release|x86
		{C75910FB-0486-441E-A587-8E4877B0354F}.Debug|Any CPU.ActiveCfg = Debug|x86
		{C75910FB-0486-441E-A587-8E4877B0354F}.Debug|ARM.ActiveCfg = Debug|ARM
		{C75910FB-0486-441E-A587-8E4877B0354F}.Debug|ARM.Build.0 = Debug|ARM
		{C75910FB-0486-441E-A587-8E4877B0354F}.Debug|ARM.Deploy.0 = Debug|ARM
		{C75910FB-0486-441E-A587-8E4877B0354F}.Debug|iPhone.ActiveCfg = Debug|x86
		{C75910FB-0486-441E-A587-8E4877B0354F}.Debug|iPhoneSimulator.ActiveCfg = Debug|x86
		{C75910FB-0486-441E-A587-8E4877B0354F}.Debug|x64.ActiveCfg = Debug|x64
		{C75910FB-0486-441E-A587-8E4877B0354F}.Debug|x64.Build.0 = Debug|x64
		{C75910FB-0486-441E-A587-8E4877B0354F}.Debug|x64.Deploy.0 = Debug|x64
		{C75910FB-0486-441E-A587-8E4877B0354F}.Debug|x86.ActiveCfg = Debug|x86
		{C75910FB-0486-441E-A587-8E4877B0354F}.Debug|x86.Build.0 = Debug|x86
		{C75910FB-0486-441E-A587-8E4877B0354F}.Debug|x86.Deploy.0 = Debug|x86
		{C75910FB-0486-441E-A587-8E4877B0354F}.Release|Any CPU.ActiveCfg = Release|x86
		{C75910FB-0486-441E-A587-8E4877B0354F}.Release|ARM.ActiveCfg = Release|ARM
		{C75910FB-0486-441E-A587-8E4877B0354F}.Release|ARM.Build.0 = Release|ARM
		{C75910FB-0486-441E-A587-8E4877B0354F}.Release|ARM.Deploy.0 = Release|ARM
		{C75910FB-0486-441E-A587-8E4877B0354F}.Release|iPhone.ActiveCfg = Release|x86
		{C75910FB-0486-441E-A587-8E4877B0354F}.Release|iPhoneSimulator.ActiveCfg = Release|x86
		{C75910FB-0486-441E-A587-8E4877B0354F}.Release|x64.ActiveCfg = Release|x64
		{C75910FB-0486-441E-A587-8E4877B0354F}.Release|x64.Build.0 = Release|x64
		{C75910FB-0486-441E-A587-8E4877B0354F}.Release|x64.Deploy.0 = Release|x64
		{C75910FB-0486-441E-A587-8E4877B0354F}.Release|x86.ActiveCfg = Release|x86
		{C75910FB-0486-441E-A587-8E4877B0354F}.Release|x86.Build.0 = Release|x86
		{C75910FB-0486-441E-A587-8E4877B0354F}.Release|x86.Deploy.0 = Release|x86
		{1E518A41-F28E-417E-B712-9DF136CACBB7}.Ad-Hoc|Any CPU.ActiveCfg = Debug|Any CPU
		{1E518A41-F28E-417E-B712-9DF136CACBB7}.Ad-Hoc|Any CPU.Build.0 = Debug|Any CPU
		{1E518A41-F28E-417E-B712-9DF136CACBB7}.Ad-Hoc|ARM.ActiveCfg = Debug|Any CPU
		{1E518A41-F28E-417E-B712-9DF136CACBB7}.Ad-Hoc|ARM.Build.0 = Debug|Any CPU
		{1E518A41-F28E-417E-B712-9DF136CACBB7}.Ad-Hoc|iPhone.ActiveCfg = Debug|Any CPU
		{1E518A41-F28E-417E-B712-9DF136CACBB7}.Ad-Hoc|iPhone.Build.0 = Debug|Any CPU
		{1E518A41-F28E-417E-B712-9DF136CACBB7}.Ad-Hoc|iPhoneSimulator.ActiveCfg = Debug|Any CPU
		{1E518A41-F28E-417E-B712-9DF136CACBB7}.Ad-Hoc|iPhoneSimulator.Build.0 = Debug|Any CPU
		{1E518A41-F28E-417E-B712-9DF136CACBB7}.Ad-Hoc|x64.ActiveCfg = Debug|Any CPU
		{1E518A41-F28E-417E-B712-9DF136CACBB7}.Ad-Hoc|x64.Build.0 = Debug|Any CPU
		{1E518A41-F28E-417E-B712-9DF136CACBB7}.Ad-Hoc|x86.ActiveCfg = Debug|Any CPU
		{1E518A41-F28E-417E-B712-9DF136CACBB7}.Ad-Hoc|x86.Build.0 = Debug|Any CPU
		{1E518A41-F28E-417E-B712-9DF136CACBB7}.AppStore|Any CPU.ActiveCfg = Debug|Any CPU
		{1E518A41-F28E-417E-B712-9DF136CACBB7}.AppStore|Any CPU.Build.0 = Debug|Any CPU
		{1E518A41-F28E-417E-B712-9DF136CACBB7}.AppStore|ARM.ActiveCfg = Debug|Any CPU
		{1E518A41-F28E-417E-B712-9DF136CACBB7}.AppStore|ARM.Build.0 = Debug|Any CPU
		{1E518A41-F28E-417E-B712-9DF136CACBB7}.AppStore|iPhone.ActiveCfg = Debug|Any CPU
		{1E518A41-F28E-417E-B712-9DF136CACBB7}.AppStore|iPhone.Build.0 = Debug|Any CPU
		{1E518A41-F28E-417E-B712-9DF136CACBB7}.AppStore|iPhoneSimulator.ActiveCfg = Debug|Any CPU
		{1E518A41-F28E-417E-B712-9DF136CACBB7}.AppStore|iPhoneSimulator.Build.0 = Debug|Any CPU
		{1E518A41-F28E-417E-B712-9DF136CACBB7}.AppStore|x64.ActiveCfg = Debug|Any CPU
		{1E518A41-F28E-417E-B712-9DF136CACBB7}.AppStore|x64.Build.0 = Debug|Any CPU
		{1E518A41-F28E-417E-B712-9DF136CACBB7}.AppStore|x86.ActiveCfg = Debug|Any CPU
		{1E518A41-F28E-417E-B712-9DF136CACBB7}.AppStore|x86.Build.0 = Debug|Any CPU
		{1E518A41-F28E-417E-B712-9DF136CACBB7}.Debug|Any CPU.ActiveCfg = Debug|Any CPU
		{1E518A41-F28E-417E-B712-9DF136CACBB7}.Debug|Any CPU.Build.0 = Debug|Any CPU
		{1E518A41-F28E-417E-B712-9DF136CACBB7}.Debug|ARM.ActiveCfg = Debug|Any CPU
		{1E518A41-F28E-417E-B712-9DF136CACBB7}.Debug|ARM.Build.0 = Debug|Any CPU
		{1E518A41-F28E-417E-B712-9DF136CACBB7}.Debug|iPhone.ActiveCfg = Debug|Any CPU
		{1E518A41-F28E-417E-B712-9DF136CACBB7}.Debug|iPhone.Build.0 = Debug|Any CPU
		{1E518A41-F28E-417E-B712-9DF136CACBB7}.Debug|iPhoneSimulator.ActiveCfg = Debug|Any CPU
		{1E518A41-F28E-417E-B712-9DF136CACBB7}.Debug|iPhoneSimulator.Build.0 = Debug|Any CPU
		{1E518A41-F28E-417E-B712-9DF136CACBB7}.Debug|x64.ActiveCfg = Debug|Any CPU
		{1E518A41-F28E-417E-B712-9DF136CACBB7}.Debug|x64.Build.0 = Debug|Any CPU
		{1E518A41-F28E-417E-B712-9DF136CACBB7}.Debug|x86.ActiveCfg = Debug|Any CPU
		{1E518A41-F28E-417E-B712-9DF136CACBB7}.Debug|x86.Build.0 = Debug|Any CPU
		{1E518A41-F28E-417E-B712-9DF136CACBB7}.Release|Any CPU.ActiveCfg = Release|Any CPU
		{1E518A41-F28E-417E-B712-9DF136CACBB7}.Release|Any CPU.Build.0 = Release|Any CPU
		{1E518A41-F28E-417E-B712-9DF136CACBB7}.Release|ARM.ActiveCfg = Release|Any CPU
		{1E518A41-F28E-417E-B712-9DF136CACBB7}.Release|ARM.Build.0 = Release|Any CPU
		{1E518A41-F28E-417E-B712-9DF136CACBB7}.Release|iPhone.ActiveCfg = Release|Any CPU
		{1E518A41-F28E-417E-B712-9DF136CACBB7}.Release|iPhone.Build.0 = Release|Any CPU
		{1E518A41-F28E-417E-B712-9DF136CACBB7}.Release|iPhoneSimulator.ActiveCfg = Release|Any CPU
		{1E518A41-F28E-417E-B712-9DF136CACBB7}.Release|iPhoneSimulator.Build.0 = Release|Any CPU
		{1E518A41-F28E-417E-B712-9DF136CACBB7}.Release|x64.ActiveCfg = Release|Any CPU
		{1E518A41-F28E-417E-B712-9DF136CACBB7}.Release|x64.Build.0 = Release|Any CPU
		{1E518A41-F28E-417E-B712-9DF136CACBB7}.Release|x86.ActiveCfg = Release|Any CPU
		{1E518A41-F28E-417E-B712-9DF136CACBB7}.Release|x86.Build.0 = Release|Any CPU
	EndGlobalSection
	GlobalSection(SolutionProperties) = preSolution
		HideSolutionNode = FALSE
	EndGlobalSection
	GlobalSection(ExtensibilityGlobals) = postSolution
		SolutionGuid = {A7B9B3BE-31A1-4188-8543-DFAB75818DD9}
	EndGlobalSection
EndGlobal
